// !$*UTF8*$!
{
	archiveVersion = 1;
	classes = {
	};
	objectVersion = 46;
	objects = {

/* Begin PBXBuildFile section */
		355210451EBC40920057EA59 /* GGT_InfoListViewController.m in Sources */ = {isa = PBXBuildFile; fileRef = 355210441EBC40920057EA59 /* GGT_InfoListViewController.m */; };
		355210481EBC49BE0057EA59 /* GGT_InfoListCell.m in Sources */ = {isa = PBXBuildFile; fileRef = 355210471EBC49BE0057EA59 /* GGT_InfoListCell.m */; };
		3552104B1EBC766C0057EA59 /* GGT_EditUserInfoController.m in Sources */ = {isa = PBXBuildFile; fileRef = 3552104A1EBC766C0057EA59 /* GGT_EditUserInfoController.m */; };
		358F522D1EBB034D004A7692 /* GGT_UserInfo.m in Sources */ = {isa = PBXBuildFile; fileRef = 358F522C1EBB034D004A7692 /* GGT_UserInfo.m */; };
		358F52331EBB2FF3004A7692 /* GGT_SettingTableViewCell.m in Sources */ = {isa = PBXBuildFile; fileRef = 358F52321EBB2FF3004A7692 /* GGT_SettingTableViewCell.m */; };
		35DE2CD01EBCC08600E41B34 /* GGT_EditAgeSexController.m in Sources */ = {isa = PBXBuildFile; fileRef = 35DE2CCF1EBCC08600E41B34 /* GGT_EditAgeSexController.m */; };
		35DE2CD91EBCCEEB00E41B34 /* GGT_AgeSexPickerView.m in Sources */ = {isa = PBXBuildFile; fileRef = 35DE2CD81EBCCEEB00E41B34 /* GGT_AgeSexPickerView.m */; };
		5B0B4F3D1EB0665B00D81B8E /* GGT_Singleton.m in Sources */ = {isa = PBXBuildFile; fileRef = 5B0B4F3C1EB0665B00D81B8E /* GGT_Singleton.m */; };
		5B0B4F481EB06D5400D81B8E /* MBProgressHUD+Extension.m in Sources */ = {isa = PBXBuildFile; fileRef = 5B0B4F471EB06D5400D81B8E /* MBProgressHUD+Extension.m */; };
		5B577CD31EB972CA005F009F /* GGT_OrderTimeCollectionViewCell.m in Sources */ = {isa = PBXBuildFile; fileRef = 5B577CD21EB972CA005F009F /* GGT_OrderTimeCollectionViewCell.m */; };
		5B577CD61EB983E3005F009F /* GGT_OrderTimeHeaderCollectionViewCell.m in Sources */ = {isa = PBXBuildFile; fileRef = 5B577CD51EB983E3005F009F /* GGT_OrderTimeHeaderCollectionViewCell.m */; };
		5B695B291EBC2D0800A42795 /* GGT_HomeBannerTableViewCell.m in Sources */ = {isa = PBXBuildFile; fileRef = 5B695B281EBC2D0800A42795 /* GGT_HomeBannerTableViewCell.m */; };
		5B695B2C1EBC2E4600A42795 /* GGT_HomeCommonCenterCell.m in Sources */ = {isa = PBXBuildFile; fileRef = 5B695B2B1EBC2E4600A42795 /* GGT_HomeCommonCenterCell.m */; };
		5B695B2F1EBC2E7300A42795 /* GGT_HomeBedtimeStoryCell.m in Sources */ = {isa = PBXBuildFile; fileRef = 5B695B2E1EBC2E7300A42795 /* GGT_HomeBedtimeStoryCell.m */; };
		5BA10D201EB1D19F0091093C /* GGT_ForgotPasswordView.m in Sources */ = {isa = PBXBuildFile; fileRef = 5BA10D1A1EB1D19F0091093C /* GGT_ForgotPasswordView.m */; };
		5BA10D211EB1D19F0091093C /* GGT_LoginView.m in Sources */ = {isa = PBXBuildFile; fileRef = 5BA10D1C1EB1D19F0091093C /* GGT_LoginView.m */; };
		5BA10D411EB1DC4D0091093C /* GGT_ForgotPasswordViewController.m in Sources */ = {isa = PBXBuildFile; fileRef = 5BA10D401EB1DC4D0091093C /* GGT_ForgotPasswordViewController.m */; };
		5BA10D441EB1E2490091093C /* GGT_RegisterView.m in Sources */ = {isa = PBXBuildFile; fileRef = 5BA10D431EB1E2490091093C /* GGT_RegisterView.m */; };
		5BC2AF591EB0473D004DF44D /* main.m in Sources */ = {isa = PBXBuildFile; fileRef = 5BC2AF581EB0473D004DF44D /* main.m */; };
		5BC2AF5C1EB0473D004DF44D /* AppDelegate.m in Sources */ = {isa = PBXBuildFile; fileRef = 5BC2AF5B1EB0473D004DF44D /* AppDelegate.m */; };
		5BC2AF641EB0473D004DF44D /* Assets.xcassets in Resources */ = {isa = PBXBuildFile; fileRef = 5BC2AF631EB0473D004DF44D /* Assets.xcassets */; };
		5BC2AF721EB0473E004DF44D /* GoGoTalkTests.m in Sources */ = {isa = PBXBuildFile; fileRef = 5BC2AF711EB0473E004DF44D /* GoGoTalkTests.m */; };
		5BC2AF7D1EB0473E004DF44D /* GoGoTalkUITests.m in Sources */ = {isa = PBXBuildFile; fileRef = 5BC2AF7C1EB0473E004DF44D /* GoGoTalkUITests.m */; };
		5BC2AFAA1EB05241004DF44D /* BaseTabBarController.m in Sources */ = {isa = PBXBuildFile; fileRef = 5BC2AFA91EB05241004DF44D /* BaseTabBarController.m */; };
		5BC2AFB01EB05320004DF44D /* BaseNavigationController.m in Sources */ = {isa = PBXBuildFile; fileRef = 5BC2AFAF1EB05320004DF44D /* BaseNavigationController.m */; };
		5BC2AFC51EB054A8004DF44D /* GGT_RegisterViewController.m in Sources */ = {isa = PBXBuildFile; fileRef = 5BC2AFC41EB054A8004DF44D /* GGT_RegisterViewController.m */; };
		5BEC18E91EB83B86009DF2F8 /* GGT_BookExperienceClassViewController.m in Sources */ = {isa = PBXBuildFile; fileRef = 5BEC18E81EB83B86009DF2F8 /* GGT_BookExperienceClassViewController.m */; };
		5BEC18ED1EB83C20009DF2F8 /* GGT_BookExperienceClassView.m in Sources */ = {isa = PBXBuildFile; fileRef = 5BEC18EC1EB83C20009DF2F8 /* GGT_BookExperienceClassView.m */; };
		5BEC18F01EB85290009DF2F8 /* GGT_OrderCourseOfAllViewController.m in Sources */ = {isa = PBXBuildFile; fileRef = 5BEC18EF1EB85290009DF2F8 /* GGT_OrderCourseOfAllViewController.m */; };
		5BEC18F31EB852CB009DF2F8 /* GGT_OrderCourseOfFocusViewController.m in Sources */ = {isa = PBXBuildFile; fileRef = 5BEC18F21EB852CB009DF2F8 /* GGT_OrderCourseOfFocusViewController.m */; };
		5BEC18F61EB85E7B009DF2F8 /* GGT_OrderForeignListCell.m in Sources */ = {isa = PBXBuildFile; fileRef = 5BEC18F51EB85E7B009DF2F8 /* GGT_OrderForeignListCell.m */; };
		5BEC18F91EB88165009DF2F8 /* GGT_DetailsOfTeacherViewController.m in Sources */ = {isa = PBXBuildFile; fileRef = 5BEC18F81EB88165009DF2F8 /* GGT_DetailsOfTeacherViewController.m */; };
		5BEC18FE1EB882C6009DF2F8 /* GGT_OrderTimeTableView.m in Sources */ = {isa = PBXBuildFile; fileRef = 5BEC18FD1EB882C6009DF2F8 /* GGT_OrderTimeTableView.m */; };
		5BED05A21EB07C3400469368 /* UIColor+XCAdditions.m in Sources */ = {isa = PBXBuildFile; fileRef = 5BED05A11EB07C3400469368 /* UIColor+XCAdditions.m */; };
		5BED05A91EB07D3300469368 /* UIImage+Category.m in Sources */ = {isa = PBXBuildFile; fileRef = 5BED05A81EB07D3300469368 /* UIImage+Category.m */; };
		5BED05AC1EB07DA200469368 /* UIView+Layout.m in Sources */ = {isa = PBXBuildFile; fileRef = 5BED05AB1EB07DA200469368 /* UIView+Layout.m */; };
		5BED05AF1EB07E4D00469368 /* UIButton+timer.m in Sources */ = {isa = PBXBuildFile; fileRef = 5BED05AE1EB07E4D00469368 /* UIButton+timer.m */; };
		5BED05B11EB07EA200469368 /* MBProgressHUD.bundle in Resources */ = {isa = PBXBuildFile; fileRef = 5BED05B01EB07EA200469368 /* MBProgressHUD.bundle */; };
		D60430991EBC7CA000F53437 /* GGT_ScheduleStudyingCell.m in Sources */ = {isa = PBXBuildFile; fileRef = D60430981EBC7CA000F53437 /* GGT_ScheduleStudyingCell.m */; };
		D604309C1EBC7CDB00F53437 /* GGT_PreviewTopView.m in Sources */ = {isa = PBXBuildFile; fileRef = D604309B1EBC7CDB00F53437 /* GGT_PreviewTopView.m */; };
		D604309F1EBC7D9C00F53437 /* GGT_PreviewCoursewareVC.m in Sources */ = {isa = PBXBuildFile; fileRef = D604309E1EBC7D9C00F53437 /* GGT_PreviewCoursewareVC.m */; };
		D60430A21EBC864300F53437 /* UIView+XCHelper.m in Sources */ = {isa = PBXBuildFile; fileRef = D60430A11EBC864300F53437 /* UIView+XCHelper.m */; };
		D606076A1EC006B200A31E8B /* UIAlertController+Color.m in Sources */ = {isa = PBXBuildFile; fileRef = D60607691EC006B200A31E8B /* UIAlertController+Color.m */; };
		D606076D1EC00C6800A31E8B /* GGT_PreviewCourseAlertView.m in Sources */ = {isa = PBXBuildFile; fileRef = D606076C1EC00C6800A31E8B /* GGT_PreviewCourseAlertView.m */; };
		D66C6EDD1EBADD100058D12C /* UIView+XCCornerRadius.m in Sources */ = {isa = PBXBuildFile; fileRef = D66C6EDC1EBADD100058D12C /* UIView+XCCornerRadius.m */; };
		D66C6EE11EBB1D5E0058D12C /* XCStarView.m in Sources */ = {isa = PBXBuildFile; fileRef = D66C6EE01EBB1D5E0058D12C /* XCStarView.m */; };
		D66F8E741EB972CF0048B9C9 /* GGT_CalendarCell.m in Sources */ = {isa = PBXBuildFile; fileRef = D66F8E731EB972CF0048B9C9 /* GGT_CalendarCell.m */; };
		D67E18D91EC077060046497E /* PlaceholderTextView.m in Sources */ = {isa = PBXBuildFile; fileRef = D67E18D81EC077060046497E /* PlaceholderTextView.m */; };
		D68205421EC04C5C00CA312B /* GGT_CourseVideoPlaybackVC.m in Sources */ = {isa = PBXBuildFile; fileRef = D68205411EC04C5C00CA312B /* GGT_CourseVideoPlaybackVC.m */; };
		D68205461EC04D5D00CA312B /* GGT_CourseEvaluateVC.m in Sources */ = {isa = PBXBuildFile; fileRef = D68205451EC04D5D00CA312B /* GGT_CourseEvaluateVC.m */; };
		D682054D1EC05B0500CA312B /* GGT_EvaluateView.m in Sources */ = {isa = PBXBuildFile; fileRef = D682054C1EC05B0500CA312B /* GGT_EvaluateView.m */; };
		D696AFD3BE34379B2D601BF6 /* libPods-GoGoTalk.a in Frameworks */ = {isa = PBXBuildFile; fileRef = B9D1B92509B69564CE5FC275 /* libPods-GoGoTalk.a */; };
		D6B590801EBC0AED00086648 /* GGT_ScheduleNormalCell.m in Sources */ = {isa = PBXBuildFile; fileRef = D6B5907F1EBC0AED00086648 /* GGT_ScheduleNormalCell.m */; };
		D6B590831EBC0B5000086648 /* GGT_ScheduleFinishedCanPlayCell.m in Sources */ = {isa = PBXBuildFile; fileRef = D6B590821EBC0B5000086648 /* GGT_ScheduleFinishedCanPlayCell.m */; };
		D6B591671EBC676800086648 /* OYCountDownManager.m in Sources */ = {isa = PBXBuildFile; fileRef = D6B591661EBC676800086648 /* OYCountDownManager.m */; };
		D6B5916A1EBC716700086648 /* BaseBackViewController.m in Sources */ = {isa = PBXBuildFile; fileRef = D6B591691EBC716600086648 /* BaseBackViewController.m */; };
		D6C7AAA51EB186F800EBF0D1 /* BaseViewController.m in Sources */ = {isa = PBXBuildFile; fileRef = D6C7AAA41EB186F800EBF0D1 /* BaseViewController.m */; };
		D6C7AAA81EB1870900EBF0D1 /* GGT_Request_Url.m in Sources */ = {isa = PBXBuildFile; fileRef = D6C7AAA71EB1870900EBF0D1 /* GGT_Request_Url.m */; };
		D6C7AAAB1EB1872000EBF0D1 /* NSArray+SafeExtension.m in Sources */ = {isa = PBXBuildFile; fileRef = D6C7AAAA1EB1872000EBF0D1 /* NSArray+SafeExtension.m */; };
		D6C7AAAE1EB1873200EBF0D1 /* GGT_MineViewController.m in Sources */ = {isa = PBXBuildFile; fileRef = D6C7AAAD1EB1873200EBF0D1 /* GGT_MineViewController.m */; };
		D6C7AAB11EB1874800EBF0D1 /* GGT_DiscoveryViewController.m in Sources */ = {isa = PBXBuildFile; fileRef = D6C7AAB01EB1874800EBF0D1 /* GGT_DiscoveryViewController.m */; };
		D6C7AAB41EB1875800EBF0D1 /* GGT_ScheduleViewController.m in Sources */ = {isa = PBXBuildFile; fileRef = D6C7AAB31EB1875800EBF0D1 /* GGT_ScheduleViewController.m */; };
		D6C7AAB71EB1876900EBF0D1 /* GGT_OrderCourseViewController.m in Sources */ = {isa = PBXBuildFile; fileRef = D6C7AAB61EB1876900EBF0D1 /* GGT_OrderCourseViewController.m */; };
		D6C7AABA1EB1877800EBF0D1 /* GGT_HomeReservationViewController.m in Sources */ = {isa = PBXBuildFile; fileRef = D6C7AAB91EB1877800EBF0D1 /* GGT_HomeReservationViewController.m */; };
		D6C7AABF1EB1879600EBF0D1 /* GGT_LoginViewController.m in Sources */ = {isa = PBXBuildFile; fileRef = D6C7AABC1EB1879600EBF0D1 /* GGT_LoginViewController.m */; };
		D6C7AAC01EB1879600EBF0D1 /* GGT_NewFeatherViewController.m in Sources */ = {isa = PBXBuildFile; fileRef = D6C7AABE1EB1879600EBF0D1 /* GGT_NewFeatherViewController.m */; };
		D6C7AAC41EB18EF100EBF0D1 /* BaseNetManager.m in Sources */ = {isa = PBXBuildFile; fileRef = D6C7AAC31EB18EF100EBF0D1 /* BaseNetManager.m */; };
		D6C7AAC71EB1903900EBF0D1 /* UIButton+XCHelperBlock.m in Sources */ = {isa = PBXBuildFile; fileRef = D6C7AAC61EB1903900EBF0D1 /* UIButton+XCHelperBlock.m */; };
		D6C7AACA1EB190DA00EBF0D1 /* NSString+XCHelper.m in Sources */ = {isa = PBXBuildFile; fileRef = D6C7AAC91EB190DA00EBF0D1 /* NSString+XCHelper.m */; };
/* End PBXBuildFile section */

/* Begin PBXContainerItemProxy section */
		5BC2AF6E1EB0473D004DF44D /* PBXContainerItemProxy */ = {
			isa = PBXContainerItemProxy;
			containerPortal = 5BC2AF4C1EB0473D004DF44D /* Project object */;
			proxyType = 1;
			remoteGlobalIDString = 5BC2AF531EB0473D004DF44D;
			remoteInfo = GoGoTalk;
		};
		5BC2AF791EB0473E004DF44D /* PBXContainerItemProxy */ = {
			isa = PBXContainerItemProxy;
			containerPortal = 5BC2AF4C1EB0473D004DF44D /* Project object */;
			proxyType = 1;
			remoteGlobalIDString = 5BC2AF531EB0473D004DF44D;
			remoteInfo = GoGoTalk;
		};
/* End PBXContainerItemProxy section */

/* Begin PBXFileReference section */
		1E45E3E48F16DD5E30B2F6A6 /* Pods-GoGoTalk.debug.xcconfig */ = {isa = PBXFileReference; includeInIndex = 1; lastKnownFileType = text.xcconfig; name = "Pods-GoGoTalk.debug.xcconfig"; path = "Pods/Target Support Files/Pods-GoGoTalk/Pods-GoGoTalk.debug.xcconfig"; sourceTree = "<group>"; };
		355210431EBC40920057EA59 /* GGT_InfoListViewController.h */ = {isa = PBXFileReference; fileEncoding = 4; lastKnownFileType = sourcecode.c.h; path = GGT_InfoListViewController.h; sourceTree = "<group>"; };
		355210441EBC40920057EA59 /* GGT_InfoListViewController.m */ = {isa = PBXFileReference; fileEncoding = 4; lastKnownFileType = sourcecode.c.objc; path = GGT_InfoListViewController.m; sourceTree = "<group>"; };
		355210461EBC49BE0057EA59 /* GGT_InfoListCell.h */ = {isa = PBXFileReference; fileEncoding = 4; lastKnownFileType = sourcecode.c.h; path = GGT_InfoListCell.h; sourceTree = "<group>"; };
		355210471EBC49BE0057EA59 /* GGT_InfoListCell.m */ = {isa = PBXFileReference; fileEncoding = 4; lastKnownFileType = sourcecode.c.objc; path = GGT_InfoListCell.m; sourceTree = "<group>"; };
		355210491EBC766C0057EA59 /* GGT_EditUserInfoController.h */ = {isa = PBXFileReference; fileEncoding = 4; lastKnownFileType = sourcecode.c.h; path = GGT_EditUserInfoController.h; sourceTree = "<group>"; };
		3552104A1EBC766C0057EA59 /* GGT_EditUserInfoController.m */ = {isa = PBXFileReference; fileEncoding = 4; lastKnownFileType = sourcecode.c.objc; path = GGT_EditUserInfoController.m; sourceTree = "<group>"; };
		358F522B1EBB034D004A7692 /* GGT_UserInfo.h */ = {isa = PBXFileReference; fileEncoding = 4; lastKnownFileType = sourcecode.c.h; path = GGT_UserInfo.h; sourceTree = "<group>"; };
		358F522C1EBB034D004A7692 /* GGT_UserInfo.m */ = {isa = PBXFileReference; fileEncoding = 4; lastKnownFileType = sourcecode.c.objc; path = GGT_UserInfo.m; sourceTree = "<group>"; };
		358F52311EBB2FF3004A7692 /* GGT_SettingTableViewCell.h */ = {isa = PBXFileReference; fileEncoding = 4; lastKnownFileType = sourcecode.c.h; path = GGT_SettingTableViewCell.h; sourceTree = "<group>"; };
		358F52321EBB2FF3004A7692 /* GGT_SettingTableViewCell.m */ = {isa = PBXFileReference; fileEncoding = 4; lastKnownFileType = sourcecode.c.objc; path = GGT_SettingTableViewCell.m; sourceTree = "<group>"; };
		35DE2CCE1EBCC08600E41B34 /* GGT_EditAgeSexController.h */ = {isa = PBXFileReference; fileEncoding = 4; lastKnownFileType = sourcecode.c.h; path = GGT_EditAgeSexController.h; sourceTree = "<group>"; };
		35DE2CCF1EBCC08600E41B34 /* GGT_EditAgeSexController.m */ = {isa = PBXFileReference; fileEncoding = 4; lastKnownFileType = sourcecode.c.objc; path = GGT_EditAgeSexController.m; sourceTree = "<group>"; };
		35DE2CD71EBCCEEB00E41B34 /* GGT_AgeSexPickerView.h */ = {isa = PBXFileReference; fileEncoding = 4; lastKnownFileType = sourcecode.c.h; path = GGT_AgeSexPickerView.h; sourceTree = "<group>"; };
		35DE2CD81EBCCEEB00E41B34 /* GGT_AgeSexPickerView.m */ = {isa = PBXFileReference; fileEncoding = 4; lastKnownFileType = sourcecode.c.objc; path = GGT_AgeSexPickerView.m; sourceTree = "<group>"; };
		5B0B4F3B1EB0665B00D81B8E /* GGT_Singleton.h */ = {isa = PBXFileReference; fileEncoding = 4; lastKnownFileType = sourcecode.c.h; path = GGT_Singleton.h; sourceTree = "<group>"; };
		5B0B4F3C1EB0665B00D81B8E /* GGT_Singleton.m */ = {isa = PBXFileReference; fileEncoding = 4; lastKnownFileType = sourcecode.c.objc; path = GGT_Singleton.m; sourceTree = "<group>"; };
		5B0B4F461EB06D5400D81B8E /* MBProgressHUD+Extension.h */ = {isa = PBXFileReference; fileEncoding = 4; lastKnownFileType = sourcecode.c.h; path = "MBProgressHUD+Extension.h"; sourceTree = "<group>"; };
		5B0B4F471EB06D5400D81B8E /* MBProgressHUD+Extension.m */ = {isa = PBXFileReference; fileEncoding = 4; lastKnownFileType = sourcecode.c.objc; path = "MBProgressHUD+Extension.m"; sourceTree = "<group>"; };
		5B577CD11EB972CA005F009F /* GGT_OrderTimeCollectionViewCell.h */ = {isa = PBXFileReference; fileEncoding = 4; lastKnownFileType = sourcecode.c.h; path = GGT_OrderTimeCollectionViewCell.h; sourceTree = "<group>"; };
		5B577CD21EB972CA005F009F /* GGT_OrderTimeCollectionViewCell.m */ = {isa = PBXFileReference; fileEncoding = 4; lastKnownFileType = sourcecode.c.objc; path = GGT_OrderTimeCollectionViewCell.m; sourceTree = "<group>"; };
		5B577CD41EB983E3005F009F /* GGT_OrderTimeHeaderCollectionViewCell.h */ = {isa = PBXFileReference; fileEncoding = 4; lastKnownFileType = sourcecode.c.h; path = GGT_OrderTimeHeaderCollectionViewCell.h; sourceTree = "<group>"; };
		5B577CD51EB983E3005F009F /* GGT_OrderTimeHeaderCollectionViewCell.m */ = {isa = PBXFileReference; fileEncoding = 4; lastKnownFileType = sourcecode.c.objc; path = GGT_OrderTimeHeaderCollectionViewCell.m; sourceTree = "<group>"; };
		5B695B271EBC2D0800A42795 /* GGT_HomeBannerTableViewCell.h */ = {isa = PBXFileReference; fileEncoding = 4; lastKnownFileType = sourcecode.c.h; path = GGT_HomeBannerTableViewCell.h; sourceTree = "<group>"; };
		5B695B281EBC2D0800A42795 /* GGT_HomeBannerTableViewCell.m */ = {isa = PBXFileReference; fileEncoding = 4; lastKnownFileType = sourcecode.c.objc; path = GGT_HomeBannerTableViewCell.m; sourceTree = "<group>"; };
		5B695B2A1EBC2E4600A42795 /* GGT_HomeCommonCenterCell.h */ = {isa = PBXFileReference; fileEncoding = 4; lastKnownFileType = sourcecode.c.h; path = GGT_HomeCommonCenterCell.h; sourceTree = "<group>"; };
		5B695B2B1EBC2E4600A42795 /* GGT_HomeCommonCenterCell.m */ = {isa = PBXFileReference; fileEncoding = 4; lastKnownFileType = sourcecode.c.objc; path = GGT_HomeCommonCenterCell.m; sourceTree = "<group>"; };
		5B695B2D1EBC2E7300A42795 /* GGT_HomeBedtimeStoryCell.h */ = {isa = PBXFileReference; fileEncoding = 4; lastKnownFileType = sourcecode.c.h; path = GGT_HomeBedtimeStoryCell.h; sourceTree = "<group>"; };
		5B695B2E1EBC2E7300A42795 /* GGT_HomeBedtimeStoryCell.m */ = {isa = PBXFileReference; fileEncoding = 4; lastKnownFileType = sourcecode.c.objc; path = GGT_HomeBedtimeStoryCell.m; sourceTree = "<group>"; };
		5BA10D1A1EB1D19F0091093C /* GGT_ForgotPasswordView.m */ = {isa = PBXFileReference; fileEncoding = 4; lastKnownFileType = sourcecode.c.objc; path = GGT_ForgotPasswordView.m; sourceTree = "<group>"; };
		5BA10D1B1EB1D19F0091093C /* GGT_LoginView.h */ = {isa = PBXFileReference; fileEncoding = 4; lastKnownFileType = sourcecode.c.h; path = GGT_LoginView.h; sourceTree = "<group>"; };
		5BA10D1C1EB1D19F0091093C /* GGT_LoginView.m */ = {isa = PBXFileReference; fileEncoding = 4; lastKnownFileType = sourcecode.c.objc; path = GGT_LoginView.m; sourceTree = "<group>"; };
		5BA10D1D1EB1D19F0091093C /* GGT_ForgotPasswordView.h */ = {isa = PBXFileReference; fileEncoding = 4; lastKnownFileType = sourcecode.c.h; path = GGT_ForgotPasswordView.h; sourceTree = "<group>"; };
		5BA10D3F1EB1DC4D0091093C /* GGT_ForgotPasswordViewController.h */ = {isa = PBXFileReference; fileEncoding = 4; lastKnownFileType = sourcecode.c.h; path = GGT_ForgotPasswordViewController.h; sourceTree = "<group>"; };
		5BA10D401EB1DC4D0091093C /* GGT_ForgotPasswordViewController.m */ = {isa = PBXFileReference; fileEncoding = 4; lastKnownFileType = sourcecode.c.objc; path = GGT_ForgotPasswordViewController.m; sourceTree = "<group>"; };
		5BA10D421EB1E2490091093C /* GGT_RegisterView.h */ = {isa = PBXFileReference; fileEncoding = 4; lastKnownFileType = sourcecode.c.h; path = GGT_RegisterView.h; sourceTree = "<group>"; };
		5BA10D431EB1E2490091093C /* GGT_RegisterView.m */ = {isa = PBXFileReference; fileEncoding = 4; lastKnownFileType = sourcecode.c.objc; path = GGT_RegisterView.m; sourceTree = "<group>"; };
		5BC2AF541EB0473D004DF44D /* GoGoTalk.app */ = {isa = PBXFileReference; explicitFileType = wrapper.application; includeInIndex = 0; path = GoGoTalk.app; sourceTree = BUILT_PRODUCTS_DIR; };
		5BC2AF581EB0473D004DF44D /* main.m */ = {isa = PBXFileReference; lastKnownFileType = sourcecode.c.objc; path = main.m; sourceTree = "<group>"; };
		5BC2AF5A1EB0473D004DF44D /* AppDelegate.h */ = {isa = PBXFileReference; lastKnownFileType = sourcecode.c.h; path = AppDelegate.h; sourceTree = "<group>"; };
		5BC2AF5B1EB0473D004DF44D /* AppDelegate.m */ = {isa = PBXFileReference; lastKnownFileType = sourcecode.c.objc; path = AppDelegate.m; sourceTree = "<group>"; };
		5BC2AF631EB0473D004DF44D /* Assets.xcassets */ = {isa = PBXFileReference; lastKnownFileType = folder.assetcatalog; path = Assets.xcassets; sourceTree = "<group>"; };
		5BC2AF681EB0473D004DF44D /* Info.plist */ = {isa = PBXFileReference; lastKnownFileType = text.plist.xml; path = Info.plist; sourceTree = "<group>"; };
		5BC2AF6D1EB0473D004DF44D /* GoGoTalkTests.xctest */ = {isa = PBXFileReference; explicitFileType = wrapper.cfbundle; includeInIndex = 0; path = GoGoTalkTests.xctest; sourceTree = BUILT_PRODUCTS_DIR; };
		5BC2AF711EB0473E004DF44D /* GoGoTalkTests.m */ = {isa = PBXFileReference; lastKnownFileType = sourcecode.c.objc; path = GoGoTalkTests.m; sourceTree = "<group>"; };
		5BC2AF731EB0473E004DF44D /* Info.plist */ = {isa = PBXFileReference; lastKnownFileType = text.plist.xml; path = Info.plist; sourceTree = "<group>"; };
		5BC2AF781EB0473E004DF44D /* GoGoTalkUITests.xctest */ = {isa = PBXFileReference; explicitFileType = wrapper.cfbundle; includeInIndex = 0; path = GoGoTalkUITests.xctest; sourceTree = BUILT_PRODUCTS_DIR; };
		5BC2AF7C1EB0473E004DF44D /* GoGoTalkUITests.m */ = {isa = PBXFileReference; lastKnownFileType = sourcecode.c.objc; path = GoGoTalkUITests.m; sourceTree = "<group>"; };
		5BC2AF7E1EB0473E004DF44D /* Info.plist */ = {isa = PBXFileReference; lastKnownFileType = text.plist.xml; path = Info.plist; sourceTree = "<group>"; };
		5BC2AFA81EB05241004DF44D /* BaseTabBarController.h */ = {isa = PBXFileReference; fileEncoding = 4; lastKnownFileType = sourcecode.c.h; path = BaseTabBarController.h; sourceTree = "<group>"; };
		5BC2AFA91EB05241004DF44D /* BaseTabBarController.m */ = {isa = PBXFileReference; fileEncoding = 4; lastKnownFileType = sourcecode.c.objc; path = BaseTabBarController.m; sourceTree = "<group>"; };
		5BC2AFAE1EB05320004DF44D /* BaseNavigationController.h */ = {isa = PBXFileReference; fileEncoding = 4; lastKnownFileType = sourcecode.c.h; path = BaseNavigationController.h; sourceTree = "<group>"; };
		5BC2AFAF1EB05320004DF44D /* BaseNavigationController.m */ = {isa = PBXFileReference; fileEncoding = 4; lastKnownFileType = sourcecode.c.objc; path = BaseNavigationController.m; sourceTree = "<group>"; };
		5BC2AFC31EB054A8004DF44D /* GGT_RegisterViewController.h */ = {isa = PBXFileReference; fileEncoding = 4; lastKnownFileType = sourcecode.c.h; path = GGT_RegisterViewController.h; sourceTree = "<group>"; };
		5BC2AFC41EB054A8004DF44D /* GGT_RegisterViewController.m */ = {isa = PBXFileReference; fileEncoding = 4; lastKnownFileType = sourcecode.c.objc; path = GGT_RegisterViewController.m; sourceTree = "<group>"; };
		5BEC18E71EB83B86009DF2F8 /* GGT_BookExperienceClassViewController.h */ = {isa = PBXFileReference; fileEncoding = 4; lastKnownFileType = sourcecode.c.h; path = GGT_BookExperienceClassViewController.h; sourceTree = "<group>"; };
		5BEC18E81EB83B86009DF2F8 /* GGT_BookExperienceClassViewController.m */ = {isa = PBXFileReference; fileEncoding = 4; lastKnownFileType = sourcecode.c.objc; path = GGT_BookExperienceClassViewController.m; sourceTree = "<group>"; };
		5BEC18EB1EB83C20009DF2F8 /* GGT_BookExperienceClassView.h */ = {isa = PBXFileReference; fileEncoding = 4; lastKnownFileType = sourcecode.c.h; path = GGT_BookExperienceClassView.h; sourceTree = "<group>"; };
		5BEC18EC1EB83C20009DF2F8 /* GGT_BookExperienceClassView.m */ = {isa = PBXFileReference; fileEncoding = 4; lastKnownFileType = sourcecode.c.objc; path = GGT_BookExperienceClassView.m; sourceTree = "<group>"; };
		5BEC18EE1EB85290009DF2F8 /* GGT_OrderCourseOfAllViewController.h */ = {isa = PBXFileReference; fileEncoding = 4; lastKnownFileType = sourcecode.c.h; path = GGT_OrderCourseOfAllViewController.h; sourceTree = "<group>"; };
		5BEC18EF1EB85290009DF2F8 /* GGT_OrderCourseOfAllViewController.m */ = {isa = PBXFileReference; fileEncoding = 4; lastKnownFileType = sourcecode.c.objc; path = GGT_OrderCourseOfAllViewController.m; sourceTree = "<group>"; };
		5BEC18F11EB852CB009DF2F8 /* GGT_OrderCourseOfFocusViewController.h */ = {isa = PBXFileReference; fileEncoding = 4; lastKnownFileType = sourcecode.c.h; path = GGT_OrderCourseOfFocusViewController.h; sourceTree = "<group>"; };
		5BEC18F21EB852CB009DF2F8 /* GGT_OrderCourseOfFocusViewController.m */ = {isa = PBXFileReference; fileEncoding = 4; lastKnownFileType = sourcecode.c.objc; path = GGT_OrderCourseOfFocusViewController.m; sourceTree = "<group>"; };
		5BEC18F41EB85E7B009DF2F8 /* GGT_OrderForeignListCell.h */ = {isa = PBXFileReference; fileEncoding = 4; lastKnownFileType = sourcecode.c.h; path = GGT_OrderForeignListCell.h; sourceTree = "<group>"; };
		5BEC18F51EB85E7B009DF2F8 /* GGT_OrderForeignListCell.m */ = {isa = PBXFileReference; fileEncoding = 4; lastKnownFileType = sourcecode.c.objc; path = GGT_OrderForeignListCell.m; sourceTree = "<group>"; };
		5BEC18F71EB88165009DF2F8 /* GGT_DetailsOfTeacherViewController.h */ = {isa = PBXFileReference; fileEncoding = 4; lastKnownFileType = sourcecode.c.h; path = GGT_DetailsOfTeacherViewController.h; sourceTree = "<group>"; };
		5BEC18F81EB88165009DF2F8 /* GGT_DetailsOfTeacherViewController.m */ = {isa = PBXFileReference; fileEncoding = 4; lastKnownFileType = sourcecode.c.objc; path = GGT_DetailsOfTeacherViewController.m; sourceTree = "<group>"; };
		5BEC18FC1EB882C6009DF2F8 /* GGT_OrderTimeTableView.h */ = {isa = PBXFileReference; fileEncoding = 4; lastKnownFileType = sourcecode.c.h; path = GGT_OrderTimeTableView.h; sourceTree = "<group>"; };
		5BEC18FD1EB882C6009DF2F8 /* GGT_OrderTimeTableView.m */ = {isa = PBXFileReference; fileEncoding = 4; lastKnownFileType = sourcecode.c.objc; path = GGT_OrderTimeTableView.m; sourceTree = "<group>"; };
		5BED05A01EB07C3400469368 /* UIColor+XCAdditions.h */ = {isa = PBXFileReference; fileEncoding = 4; lastKnownFileType = sourcecode.c.h; path = "UIColor+XCAdditions.h"; sourceTree = "<group>"; };
		5BED05A11EB07C3400469368 /* UIColor+XCAdditions.m */ = {isa = PBXFileReference; fileEncoding = 4; lastKnownFileType = sourcecode.c.objc; path = "UIColor+XCAdditions.m"; sourceTree = "<group>"; };
		5BED05A71EB07D3300469368 /* UIImage+Category.h */ = {isa = PBXFileReference; fileEncoding = 4; lastKnownFileType = sourcecode.c.h; path = "UIImage+Category.h"; sourceTree = "<group>"; };
		5BED05A81EB07D3300469368 /* UIImage+Category.m */ = {isa = PBXFileReference; fileEncoding = 4; lastKnownFileType = sourcecode.c.objc; path = "UIImage+Category.m"; sourceTree = "<group>"; };
		5BED05AA1EB07DA200469368 /* UIView+Layout.h */ = {isa = PBXFileReference; fileEncoding = 4; lastKnownFileType = sourcecode.c.h; path = "UIView+Layout.h"; sourceTree = "<group>"; };
		5BED05AB1EB07DA200469368 /* UIView+Layout.m */ = {isa = PBXFileReference; fileEncoding = 4; lastKnownFileType = sourcecode.c.objc; path = "UIView+Layout.m"; sourceTree = "<group>"; };
		5BED05AD1EB07E4D00469368 /* UIButton+timer.h */ = {isa = PBXFileReference; fileEncoding = 4; lastKnownFileType = sourcecode.c.h; path = "UIButton+timer.h"; sourceTree = "<group>"; };
		5BED05AE1EB07E4D00469368 /* UIButton+timer.m */ = {isa = PBXFileReference; fileEncoding = 4; lastKnownFileType = sourcecode.c.objc; path = "UIButton+timer.m"; sourceTree = "<group>"; };
		5BED05B01EB07EA200469368 /* MBProgressHUD.bundle */ = {isa = PBXFileReference; lastKnownFileType = "wrapper.plug-in"; path = MBProgressHUD.bundle; sourceTree = "<group>"; };
		B9D1B92509B69564CE5FC275 /* libPods-GoGoTalk.a */ = {isa = PBXFileReference; explicitFileType = archive.ar; includeInIndex = 0; path = "libPods-GoGoTalk.a"; sourceTree = BUILT_PRODUCTS_DIR; };
		BDDE48A6BF0DF60B4B82782D /* Pods-GoGoTalk.release.xcconfig */ = {isa = PBXFileReference; includeInIndex = 1; lastKnownFileType = text.xcconfig; name = "Pods-GoGoTalk.release.xcconfig"; path = "Pods/Target Support Files/Pods-GoGoTalk/Pods-GoGoTalk.release.xcconfig"; sourceTree = "<group>"; };
		D60430971EBC7CA000F53437 /* GGT_ScheduleStudyingCell.h */ = {isa = PBXFileReference; fileEncoding = 4; lastKnownFileType = sourcecode.c.h; path = GGT_ScheduleStudyingCell.h; sourceTree = "<group>"; };
		D60430981EBC7CA000F53437 /* GGT_ScheduleStudyingCell.m */ = {isa = PBXFileReference; fileEncoding = 4; lastKnownFileType = sourcecode.c.objc; path = GGT_ScheduleStudyingCell.m; sourceTree = "<group>"; };
		D604309A1EBC7CDB00F53437 /* GGT_PreviewTopView.h */ = {isa = PBXFileReference; fileEncoding = 4; lastKnownFileType = sourcecode.c.h; path = GGT_PreviewTopView.h; sourceTree = "<group>"; };
		D604309B1EBC7CDB00F53437 /* GGT_PreviewTopView.m */ = {isa = PBXFileReference; fileEncoding = 4; lastKnownFileType = sourcecode.c.objc; path = GGT_PreviewTopView.m; sourceTree = "<group>"; };
		D604309D1EBC7D9C00F53437 /* GGT_PreviewCoursewareVC.h */ = {isa = PBXFileReference; fileEncoding = 4; lastKnownFileType = sourcecode.c.h; path = GGT_PreviewCoursewareVC.h; sourceTree = "<group>"; };
		D604309E1EBC7D9C00F53437 /* GGT_PreviewCoursewareVC.m */ = {isa = PBXFileReference; fileEncoding = 4; lastKnownFileType = sourcecode.c.objc; path = GGT_PreviewCoursewareVC.m; sourceTree = "<group>"; };
		D60430A01EBC864300F53437 /* UIView+XCHelper.h */ = {isa = PBXFileReference; fileEncoding = 4; lastKnownFileType = sourcecode.c.h; path = "UIView+XCHelper.h"; sourceTree = "<group>"; };
		D60430A11EBC864300F53437 /* UIView+XCHelper.m */ = {isa = PBXFileReference; fileEncoding = 4; lastKnownFileType = sourcecode.c.objc; path = "UIView+XCHelper.m"; sourceTree = "<group>"; };
		D60607681EC006B200A31E8B /* UIAlertController+Color.h */ = {isa = PBXFileReference; fileEncoding = 4; lastKnownFileType = sourcecode.c.h; path = "UIAlertController+Color.h"; sourceTree = "<group>"; };
		D60607691EC006B200A31E8B /* UIAlertController+Color.m */ = {isa = PBXFileReference; fileEncoding = 4; lastKnownFileType = sourcecode.c.objc; path = "UIAlertController+Color.m"; sourceTree = "<group>"; };
		D606076B1EC00C6800A31E8B /* GGT_PreviewCourseAlertView.h */ = {isa = PBXFileReference; fileEncoding = 4; lastKnownFileType = sourcecode.c.h; path = GGT_PreviewCourseAlertView.h; sourceTree = "<group>"; };
		D606076C1EC00C6800A31E8B /* GGT_PreviewCourseAlertView.m */ = {isa = PBXFileReference; fileEncoding = 4; lastKnownFileType = sourcecode.c.objc; path = GGT_PreviewCourseAlertView.m; sourceTree = "<group>"; };
		D66C6EDA1EBAD38A0058D12C /* AppColorInfo.h */ = {isa = PBXFileReference; lastKnownFileType = sourcecode.c.h; path = AppColorInfo.h; sourceTree = "<group>"; };
		D66C6EDB1EBADD100058D12C /* UIView+XCCornerRadius.h */ = {isa = PBXFileReference; fileEncoding = 4; lastKnownFileType = sourcecode.c.h; path = "UIView+XCCornerRadius.h"; sourceTree = "<group>"; };
		D66C6EDC1EBADD100058D12C /* UIView+XCCornerRadius.m */ = {isa = PBXFileReference; fileEncoding = 4; lastKnownFileType = sourcecode.c.objc; path = "UIView+XCCornerRadius.m"; sourceTree = "<group>"; };
		D66C6EDF1EBB1D5E0058D12C /* XCStarView.h */ = {isa = PBXFileReference; fileEncoding = 4; lastKnownFileType = sourcecode.c.h; path = XCStarView.h; sourceTree = "<group>"; };
		D66C6EE01EBB1D5E0058D12C /* XCStarView.m */ = {isa = PBXFileReference; fileEncoding = 4; lastKnownFileType = sourcecode.c.objc; path = XCStarView.m; sourceTree = "<group>"; };
		D66F8E721EB972CF0048B9C9 /* GGT_CalendarCell.h */ = {isa = PBXFileReference; fileEncoding = 4; lastKnownFileType = sourcecode.c.h; path = GGT_CalendarCell.h; sourceTree = "<group>"; };
		D66F8E731EB972CF0048B9C9 /* GGT_CalendarCell.m */ = {isa = PBXFileReference; fileEncoding = 4; lastKnownFileType = sourcecode.c.objc; path = GGT_CalendarCell.m; sourceTree = "<group>"; };
		D67E18D71EC077060046497E /* PlaceholderTextView.h */ = {isa = PBXFileReference; fileEncoding = 4; lastKnownFileType = sourcecode.c.h; path = PlaceholderTextView.h; sourceTree = "<group>"; };
		D67E18D81EC077060046497E /* PlaceholderTextView.m */ = {isa = PBXFileReference; fileEncoding = 4; lastKnownFileType = sourcecode.c.objc; path = PlaceholderTextView.m; sourceTree = "<group>"; };
		D68205401EC04C5C00CA312B /* GGT_CourseVideoPlaybackVC.h */ = {isa = PBXFileReference; fileEncoding = 4; lastKnownFileType = sourcecode.c.h; path = GGT_CourseVideoPlaybackVC.h; sourceTree = "<group>"; };
		D68205411EC04C5C00CA312B /* GGT_CourseVideoPlaybackVC.m */ = {isa = PBXFileReference; fileEncoding = 4; lastKnownFileType = sourcecode.c.objc; path = GGT_CourseVideoPlaybackVC.m; sourceTree = "<group>"; };
		D68205441EC04D5D00CA312B /* GGT_CourseEvaluateVC.h */ = {isa = PBXFileReference; fileEncoding = 4; lastKnownFileType = sourcecode.c.h; path = GGT_CourseEvaluateVC.h; sourceTree = "<group>"; };
		D68205451EC04D5D00CA312B /* GGT_CourseEvaluateVC.m */ = {isa = PBXFileReference; fileEncoding = 4; lastKnownFileType = sourcecode.c.objc; path = GGT_CourseEvaluateVC.m; sourceTree = "<group>"; };
		D682054B1EC05B0500CA312B /* GGT_EvaluateView.h */ = {isa = PBXFileReference; fileEncoding = 4; lastKnownFileType = sourcecode.c.h; path = GGT_EvaluateView.h; sourceTree = "<group>"; };
		D682054C1EC05B0500CA312B /* GGT_EvaluateView.m */ = {isa = PBXFileReference; fileEncoding = 4; lastKnownFileType = sourcecode.c.objc; path = GGT_EvaluateView.m; sourceTree = "<group>"; };
		D6B5907E1EBC0AED00086648 /* GGT_ScheduleNormalCell.h */ = {isa = PBXFileReference; fileEncoding = 4; lastKnownFileType = sourcecode.c.h; path = GGT_ScheduleNormalCell.h; sourceTree = "<group>"; };
		D6B5907F1EBC0AED00086648 /* GGT_ScheduleNormalCell.m */ = {isa = PBXFileReference; fileEncoding = 4; lastKnownFileType = sourcecode.c.objc; path = GGT_ScheduleNormalCell.m; sourceTree = "<group>"; };
		D6B590811EBC0B5000086648 /* GGT_ScheduleFinishedCanPlayCell.h */ = {isa = PBXFileReference; fileEncoding = 4; lastKnownFileType = sourcecode.c.h; path = GGT_ScheduleFinishedCanPlayCell.h; sourceTree = "<group>"; };
		D6B590821EBC0B5000086648 /* GGT_ScheduleFinishedCanPlayCell.m */ = {isa = PBXFileReference; fileEncoding = 4; lastKnownFileType = sourcecode.c.objc; path = GGT_ScheduleFinishedCanPlayCell.m; sourceTree = "<group>"; };
		D6B591651EBC676800086648 /* OYCountDownManager.h */ = {isa = PBXFileReference; fileEncoding = 4; lastKnownFileType = sourcecode.c.h; path = OYCountDownManager.h; sourceTree = "<group>"; };
		D6B591661EBC676800086648 /* OYCountDownManager.m */ = {isa = PBXFileReference; fileEncoding = 4; lastKnownFileType = sourcecode.c.objc; path = OYCountDownManager.m; sourceTree = "<group>"; };
		D6B591681EBC716600086648 /* BaseBackViewController.h */ = {isa = PBXFileReference; fileEncoding = 4; lastKnownFileType = sourcecode.c.h; path = BaseBackViewController.h; sourceTree = "<group>"; };
		D6B591691EBC716600086648 /* BaseBackViewController.m */ = {isa = PBXFileReference; fileEncoding = 4; lastKnownFileType = sourcecode.c.objc; path = BaseBackViewController.m; sourceTree = "<group>"; };
		D6C7AAA31EB186F800EBF0D1 /* BaseViewController.h */ = {isa = PBXFileReference; fileEncoding = 4; lastKnownFileType = sourcecode.c.h; path = BaseViewController.h; sourceTree = "<group>"; };
		D6C7AAA41EB186F800EBF0D1 /* BaseViewController.m */ = {isa = PBXFileReference; fileEncoding = 4; lastKnownFileType = sourcecode.c.objc; path = BaseViewController.m; sourceTree = "<group>"; };
		D6C7AAA61EB1870900EBF0D1 /* GGT_Request_Url.h */ = {isa = PBXFileReference; fileEncoding = 4; lastKnownFileType = sourcecode.c.h; path = GGT_Request_Url.h; sourceTree = "<group>"; };
		D6C7AAA71EB1870900EBF0D1 /* GGT_Request_Url.m */ = {isa = PBXFileReference; fileEncoding = 4; lastKnownFileType = sourcecode.c.objc; path = GGT_Request_Url.m; sourceTree = "<group>"; };
		D6C7AAA91EB1872000EBF0D1 /* NSArray+SafeExtension.h */ = {isa = PBXFileReference; fileEncoding = 4; lastKnownFileType = sourcecode.c.h; path = "NSArray+SafeExtension.h"; sourceTree = "<group>"; };
		D6C7AAAA1EB1872000EBF0D1 /* NSArray+SafeExtension.m */ = {isa = PBXFileReference; fileEncoding = 4; lastKnownFileType = sourcecode.c.objc; path = "NSArray+SafeExtension.m"; sourceTree = "<group>"; };
		D6C7AAAC1EB1873200EBF0D1 /* GGT_MineViewController.h */ = {isa = PBXFileReference; fileEncoding = 4; lastKnownFileType = sourcecode.c.h; path = GGT_MineViewController.h; sourceTree = "<group>"; };
		D6C7AAAD1EB1873200EBF0D1 /* GGT_MineViewController.m */ = {isa = PBXFileReference; fileEncoding = 4; lastKnownFileType = sourcecode.c.objc; path = GGT_MineViewController.m; sourceTree = "<group>"; };
		D6C7AAAF1EB1874800EBF0D1 /* GGT_DiscoveryViewController.h */ = {isa = PBXFileReference; fileEncoding = 4; lastKnownFileType = sourcecode.c.h; path = GGT_DiscoveryViewController.h; sourceTree = "<group>"; };
		D6C7AAB01EB1874800EBF0D1 /* GGT_DiscoveryViewController.m */ = {isa = PBXFileReference; fileEncoding = 4; lastKnownFileType = sourcecode.c.objc; path = GGT_DiscoveryViewController.m; sourceTree = "<group>"; };
		D6C7AAB21EB1875800EBF0D1 /* GGT_ScheduleViewController.h */ = {isa = PBXFileReference; fileEncoding = 4; lastKnownFileType = sourcecode.c.h; path = GGT_ScheduleViewController.h; sourceTree = "<group>"; };
		D6C7AAB31EB1875800EBF0D1 /* GGT_ScheduleViewController.m */ = {isa = PBXFileReference; fileEncoding = 4; lastKnownFileType = sourcecode.c.objc; path = GGT_ScheduleViewController.m; sourceTree = "<group>"; };
		D6C7AAB51EB1876900EBF0D1 /* GGT_OrderCourseViewController.h */ = {isa = PBXFileReference; fileEncoding = 4; lastKnownFileType = sourcecode.c.h; path = GGT_OrderCourseViewController.h; sourceTree = "<group>"; };
		D6C7AAB61EB1876900EBF0D1 /* GGT_OrderCourseViewController.m */ = {isa = PBXFileReference; fileEncoding = 4; lastKnownFileType = sourcecode.c.objc; path = GGT_OrderCourseViewController.m; sourceTree = "<group>"; };
		D6C7AAB81EB1877800EBF0D1 /* GGT_HomeReservationViewController.h */ = {isa = PBXFileReference; fileEncoding = 4; lastKnownFileType = sourcecode.c.h; path = GGT_HomeReservationViewController.h; sourceTree = "<group>"; };
		D6C7AAB91EB1877800EBF0D1 /* GGT_HomeReservationViewController.m */ = {isa = PBXFileReference; fileEncoding = 4; lastKnownFileType = sourcecode.c.objc; path = GGT_HomeReservationViewController.m; sourceTree = "<group>"; };
		D6C7AABB1EB1879600EBF0D1 /* GGT_LoginViewController.h */ = {isa = PBXFileReference; fileEncoding = 4; lastKnownFileType = sourcecode.c.h; path = GGT_LoginViewController.h; sourceTree = "<group>"; };
		D6C7AABC1EB1879600EBF0D1 /* GGT_LoginViewController.m */ = {isa = PBXFileReference; fileEncoding = 4; lastKnownFileType = sourcecode.c.objc; path = GGT_LoginViewController.m; sourceTree = "<group>"; };
		D6C7AABD1EB1879600EBF0D1 /* GGT_NewFeatherViewController.h */ = {isa = PBXFileReference; fileEncoding = 4; lastKnownFileType = sourcecode.c.h; path = GGT_NewFeatherViewController.h; sourceTree = "<group>"; };
		D6C7AABE1EB1879600EBF0D1 /* GGT_NewFeatherViewController.m */ = {isa = PBXFileReference; fileEncoding = 4; lastKnownFileType = sourcecode.c.objc; path = GGT_NewFeatherViewController.m; sourceTree = "<group>"; };
		D6C7AAC11EB187AB00EBF0D1 /* PrefixHeader.pch */ = {isa = PBXFileReference; fileEncoding = 4; lastKnownFileType = sourcecode.c.h; path = PrefixHeader.pch; sourceTree = "<group>"; };
		D6C7AAC21EB18EF100EBF0D1 /* BaseNetManager.h */ = {isa = PBXFileReference; fileEncoding = 4; lastKnownFileType = sourcecode.c.h; path = BaseNetManager.h; sourceTree = "<group>"; };
		D6C7AAC31EB18EF100EBF0D1 /* BaseNetManager.m */ = {isa = PBXFileReference; fileEncoding = 4; lastKnownFileType = sourcecode.c.objc; path = BaseNetManager.m; sourceTree = "<group>"; };
		D6C7AAC51EB1903800EBF0D1 /* UIButton+XCHelperBlock.h */ = {isa = PBXFileReference; fileEncoding = 4; lastKnownFileType = sourcecode.c.h; path = "UIButton+XCHelperBlock.h"; sourceTree = "<group>"; };
		D6C7AAC61EB1903900EBF0D1 /* UIButton+XCHelperBlock.m */ = {isa = PBXFileReference; fileEncoding = 4; lastKnownFileType = sourcecode.c.objc; path = "UIButton+XCHelperBlock.m"; sourceTree = "<group>"; };
		D6C7AAC81EB190DA00EBF0D1 /* NSString+XCHelper.h */ = {isa = PBXFileReference; fileEncoding = 4; lastKnownFileType = sourcecode.c.h; path = "NSString+XCHelper.h"; sourceTree = "<group>"; };
		D6C7AAC91EB190DA00EBF0D1 /* NSString+XCHelper.m */ = {isa = PBXFileReference; fileEncoding = 4; lastKnownFileType = sourcecode.c.objc; path = "NSString+XCHelper.m"; sourceTree = "<group>"; };
		D6C7AACB1EB1974700EBF0D1 /* AppInformation.h */ = {isa = PBXFileReference; lastKnownFileType = sourcecode.c.h; path = AppInformation.h; sourceTree = "<group>"; };
/* End PBXFileReference section */

/* Begin PBXFrameworksBuildPhase section */
		5BC2AF511EB0473D004DF44D /* Frameworks */ = {
			isa = PBXFrameworksBuildPhase;
			buildActionMask = 2147483647;
			files = (
				D696AFD3BE34379B2D601BF6 /* libPods-GoGoTalk.a in Frameworks */,
			);
			runOnlyForDeploymentPostprocessing = 0;
		};
		5BC2AF6A1EB0473D004DF44D /* Frameworks */ = {
			isa = PBXFrameworksBuildPhase;
			buildActionMask = 2147483647;
			files = (
			);
			runOnlyForDeploymentPostprocessing = 0;
		};
		5BC2AF751EB0473E004DF44D /* Frameworks */ = {
			isa = PBXFrameworksBuildPhase;
			buildActionMask = 2147483647;
			files = (
			);
			runOnlyForDeploymentPostprocessing = 0;
		};
/* End PBXFrameworksBuildPhase section */

/* Begin PBXGroup section */
		358F52291EBB033C004A7692 /* Model */ = {
			isa = PBXGroup;
			children = (
			);
			path = Model;
			sourceTree = "<group>";
		};
		358F522A1EBB0342004A7692 /* View */ = {
			isa = PBXGroup;
			children = (
				358F522B1EBB034D004A7692 /* GGT_UserInfo.h */,
				358F522C1EBB034D004A7692 /* GGT_UserInfo.m */,
				358F52311EBB2FF3004A7692 /* GGT_SettingTableViewCell.h */,
				358F52321EBB2FF3004A7692 /* GGT_SettingTableViewCell.m */,
				355210461EBC49BE0057EA59 /* GGT_InfoListCell.h */,
				355210471EBC49BE0057EA59 /* GGT_InfoListCell.m */,
				35DE2CD71EBCCEEB00E41B34 /* GGT_AgeSexPickerView.h */,
				35DE2CD81EBCCEEB00E41B34 /* GGT_AgeSexPickerView.m */,
			);
			path = View;
			sourceTree = "<group>";
		};
		4B5CFEF708289DAD86D147C6 /* Frameworks */ = {
			isa = PBXGroup;
			children = (
				B9D1B92509B69564CE5FC275 /* libPods-GoGoTalk.a */,
			);
			name = Frameworks;
			sourceTree = "<group>";
		};
		5BA10D291EB1D35B0091093C /* Model */ = {
			isa = PBXGroup;
			children = (
			);
			name = Model;
			path = "../../../../../../xiehenry/Desktop/GoGoTalk-iOS/GoGoTalk/GoGoTalkProject/Discovery/Model";
			sourceTree = "<group>";
		};
		5BA10D2A1EB1D35B0091093C /* View */ = {
			isa = PBXGroup;
			children = (
			);
			name = View;
			path = "../../../../../../xiehenry/Desktop/GoGoTalk-iOS/GoGoTalk/GoGoTalkProject/Discovery/View";
			sourceTree = "<group>";
		};
		5BA10D2B1EB1D3820091093C /* Model */ = {
			isa = PBXGroup;
			children = (
			);
			name = Model;
			path = "../../../../../../xiehenry/Desktop/GoGoTalk-iOS/GoGoTalk/GoGoTalkProject/Schedule/Model";
			sourceTree = "<group>";
		};
		5BC2AF4B1EB0473D004DF44D = {
			isa = PBXGroup;
			children = (
				5BC2AF561EB0473D004DF44D /* GoGoTalk */,
				5BC2AF701EB0473D004DF44D /* GoGoTalkTests */,
				5BC2AF7B1EB0473E004DF44D /* GoGoTalkUITests */,
				5BC2AF551EB0473D004DF44D /* Products */,
				AEE4F84ABBEAD206ABB94FD8 /* Pods */,
				4B5CFEF708289DAD86D147C6 /* Frameworks */,
			);
			sourceTree = "<group>";
		};
		5BC2AF551EB0473D004DF44D /* Products */ = {
			isa = PBXGroup;
			children = (
				5BC2AF541EB0473D004DF44D /* GoGoTalk.app */,
				5BC2AF6D1EB0473D004DF44D /* GoGoTalkTests.xctest */,
				5BC2AF781EB0473E004DF44D /* GoGoTalkUITests.xctest */,
			);
			name = Products;
			sourceTree = "<group>";
		};
		5BC2AF561EB0473D004DF44D /* GoGoTalk */ = {
			isa = PBXGroup;
			children = (
				5BC2AF5A1EB0473D004DF44D /* AppDelegate.h */,
				5BC2AF5B1EB0473D004DF44D /* AppDelegate.m */,
				5BC2AF8A1EB04E31004DF44D /* GoGoTalkProject */,
				5BC2AF571EB0473D004DF44D /* Supporting Files */,
			);
			path = GoGoTalk;
			sourceTree = "<group>";
		};
		5BC2AF571EB0473D004DF44D /* Supporting Files */ = {
			isa = PBXGroup;
			children = (
				5BC2AF631EB0473D004DF44D /* Assets.xcassets */,
				5BC2AF681EB0473D004DF44D /* Info.plist */,
				5BC2AF581EB0473D004DF44D /* main.m */,
				D6C7AAC11EB187AB00EBF0D1 /* PrefixHeader.pch */,
				D66C6EDA1EBAD38A0058D12C /* AppColorInfo.h */,
				D6C7AACB1EB1974700EBF0D1 /* AppInformation.h */,
			);
			name = "Supporting Files";
			sourceTree = "<group>";
		};
		5BC2AF701EB0473D004DF44D /* GoGoTalkTests */ = {
			isa = PBXGroup;
			children = (
				5BC2AF711EB0473E004DF44D /* GoGoTalkTests.m */,
				5BC2AF731EB0473E004DF44D /* Info.plist */,
			);
			path = GoGoTalkTests;
			sourceTree = "<group>";
		};
		5BC2AF7B1EB0473E004DF44D /* GoGoTalkUITests */ = {
			isa = PBXGroup;
			children = (
				5BC2AF7C1EB0473E004DF44D /* GoGoTalkUITests.m */,
				5BC2AF7E1EB0473E004DF44D /* Info.plist */,
			);
			path = GoGoTalkUITests;
			sourceTree = "<group>";
		};
		5BC2AF8A1EB04E31004DF44D /* GoGoTalkProject */ = {
			isa = PBXGroup;
			children = (
				D66C6EDE1EBB1D560058D12C /* Others */,
				5BC2AFA41EB050B8004DF44D /* CommonClass */,
				5BC2AFA31EB050A1004DF44D /* Extension */,
				5BC2AF901EB0500A004DF44D /* MySettings */,
				5BC2AF8F1EB04FD1004DF44D /* Discovery */,
				5BC2AF8E1EB04F97004DF44D /* Schedule */,
				5BC2AF8D1EB04F79004DF44D /* OrderTheCourse */,
				5BC2AF8C1EB04F70004DF44D /* HomeReservation */,
				5BC2AF8B1EB04E92004DF44D /* LogAndRegister */,
			);
			path = GoGoTalkProject;
			sourceTree = "<group>";
		};
		5BC2AF8B1EB04E92004DF44D /* LogAndRegister */ = {
			isa = PBXGroup;
			children = (
				D6C7ABAB1EB1D58A00EBF0D1 /* Model */,
				5BC2AFA01EB05057004DF44D /* Controller */,
				5BC2AFA11EB05057004DF44D /* View */,
			);
			path = LogAndRegister;
			sourceTree = "<group>";
		};
		5BC2AF8C1EB04F70004DF44D /* HomeReservation */ = {
			isa = PBXGroup;
			children = (
				5BEC18EA1EB83C0F009DF2F8 /* View */,
				D6C7ABA41EB1D50900EBF0D1 /* Model */,
				5BC2AF9D1EB05051004DF44D /* Controller */,
			);
			path = HomeReservation;
			sourceTree = "<group>";
		};
		5BC2AF8D1EB04F79004DF44D /* OrderTheCourse */ = {
			isa = PBXGroup;
			children = (
				5BEC18FB1EB8824A009DF2F8 /* View */,
				5BEC18FA1EB88244009DF2F8 /* Model */,
				5BC2AF9A1EB0504A004DF44D /* Controller */,
			);
			path = OrderTheCourse;
			sourceTree = "<group>";
		};
		5BC2AF8E1EB04F97004DF44D /* Schedule */ = {
			isa = PBXGroup;
			children = (
				5BA10D2B1EB1D3820091093C /* Model */,
				D66F8E711EB972CF0048B9C9 /* View */,
				5BC2AF971EB05042004DF44D /* Controller */,
			);
			path = Schedule;
			sourceTree = "<group>";
		};
		5BC2AF8F1EB04FD1004DF44D /* Discovery */ = {
			isa = PBXGroup;
			children = (
				5BA10D291EB1D35B0091093C /* Model */,
				5BA10D2A1EB1D35B0091093C /* View */,
				5BC2AF941EB0503B004DF44D /* Controller */,
			);
			path = Discovery;
			sourceTree = "<group>";
		};
		5BC2AF901EB0500A004DF44D /* MySettings */ = {
			isa = PBXGroup;
			children = (
				358F522A1EBB0342004A7692 /* View */,
				358F52291EBB033C004A7692 /* Model */,
				5BC2AF911EB05030004DF44D /* Controller */,
			);
			path = MySettings;
			sourceTree = "<group>";
		};
		5BC2AF911EB05030004DF44D /* Controller */ = {
			isa = PBXGroup;
			children = (
				D6C7AAAC1EB1873200EBF0D1 /* GGT_MineViewController.h */,
				D6C7AAAD1EB1873200EBF0D1 /* GGT_MineViewController.m */,
				355210431EBC40920057EA59 /* GGT_InfoListViewController.h */,
				355210441EBC40920057EA59 /* GGT_InfoListViewController.m */,
				355210491EBC766C0057EA59 /* GGT_EditUserInfoController.h */,
				3552104A1EBC766C0057EA59 /* GGT_EditUserInfoController.m */,
				35DE2CCE1EBCC08600E41B34 /* GGT_EditAgeSexController.h */,
				35DE2CCF1EBCC08600E41B34 /* GGT_EditAgeSexController.m */,
			);
			path = Controller;
			sourceTree = "<group>";
		};
		5BC2AF941EB0503B004DF44D /* Controller */ = {
			isa = PBXGroup;
			children = (
				D6C7AAAF1EB1874800EBF0D1 /* GGT_DiscoveryViewController.h */,
				D6C7AAB01EB1874800EBF0D1 /* GGT_DiscoveryViewController.m */,
			);
			path = Controller;
			sourceTree = "<group>";
		};
		5BC2AF971EB05042004DF44D /* Controller */ = {
			isa = PBXGroup;
			children = (
				D682053C1EC04AC700CA312B /* 课表 */,
				D682053D1EC04AD300CA312B /* 课前预习 */,
				D68205431EC04CC800CA312B /* 录播课程回放 */,
				D68205471EC0503200CA312B /* 课后评价 */,
			);
			path = Controller;
			sourceTree = "<group>";
		};
		5BC2AF9A1EB0504A004DF44D /* Controller */ = {
			isa = PBXGroup;
			children = (
				D6C7AAB51EB1876900EBF0D1 /* GGT_OrderCourseViewController.h */,
				D6C7AAB61EB1876900EBF0D1 /* GGT_OrderCourseViewController.m */,
				5BEC18EE1EB85290009DF2F8 /* GGT_OrderCourseOfAllViewController.h */,
				5BEC18EF1EB85290009DF2F8 /* GGT_OrderCourseOfAllViewController.m */,
				5BEC18F11EB852CB009DF2F8 /* GGT_OrderCourseOfFocusViewController.h */,
				5BEC18F21EB852CB009DF2F8 /* GGT_OrderCourseOfFocusViewController.m */,
				5BEC18F71EB88165009DF2F8 /* GGT_DetailsOfTeacherViewController.h */,
				5BEC18F81EB88165009DF2F8 /* GGT_DetailsOfTeacherViewController.m */,
			);
			path = Controller;
			sourceTree = "<group>";
		};
		5BC2AF9D1EB05051004DF44D /* Controller */ = {
			isa = PBXGroup;
			children = (
				D6C7AAB81EB1877800EBF0D1 /* GGT_HomeReservationViewController.h */,
				D6C7AAB91EB1877800EBF0D1 /* GGT_HomeReservationViewController.m */,
				5BEC18E71EB83B86009DF2F8 /* GGT_BookExperienceClassViewController.h */,
				5BEC18E81EB83B86009DF2F8 /* GGT_BookExperienceClassViewController.m */,
			);
			path = Controller;
			sourceTree = "<group>";
		};
		5BC2AFA01EB05057004DF44D /* Controller */ = {
			isa = PBXGroup;
			children = (
				D6C7AABB1EB1879600EBF0D1 /* GGT_LoginViewController.h */,
				D6C7AABC1EB1879600EBF0D1 /* GGT_LoginViewController.m */,
				D6C7AABD1EB1879600EBF0D1 /* GGT_NewFeatherViewController.h */,
				D6C7AABE1EB1879600EBF0D1 /* GGT_NewFeatherViewController.m */,
				5BC2AFC31EB054A8004DF44D /* GGT_RegisterViewController.h */,
				5BC2AFC41EB054A8004DF44D /* GGT_RegisterViewController.m */,
				5BA10D3F1EB1DC4D0091093C /* GGT_ForgotPasswordViewController.h */,
				5BA10D401EB1DC4D0091093C /* GGT_ForgotPasswordViewController.m */,
			);
			path = Controller;
			sourceTree = "<group>";
		};
		5BC2AFA11EB05057004DF44D /* View */ = {
			isa = PBXGroup;
			children = (
				5BA10D1B1EB1D19F0091093C /* GGT_LoginView.h */,
				5BA10D1C1EB1D19F0091093C /* GGT_LoginView.m */,
				5BA10D1D1EB1D19F0091093C /* GGT_ForgotPasswordView.h */,
				5BA10D1A1EB1D19F0091093C /* GGT_ForgotPasswordView.m */,
				5BA10D421EB1E2490091093C /* GGT_RegisterView.h */,
				5BA10D431EB1E2490091093C /* GGT_RegisterView.m */,
			);
			path = View;
			sourceTree = "<group>";
		};
		5BC2AFA31EB050A1004DF44D /* Extension */ = {
			isa = PBXGroup;
			children = (
				D6C7AAA91EB1872000EBF0D1 /* NSArray+SafeExtension.h */,
				D6C7AAAA1EB1872000EBF0D1 /* NSArray+SafeExtension.m */,
				5BED05A01EB07C3400469368 /* UIColor+XCAdditions.h */,
				5BED05A11EB07C3400469368 /* UIColor+XCAdditions.m */,
				5BED05A71EB07D3300469368 /* UIImage+Category.h */,
				5BED05A81EB07D3300469368 /* UIImage+Category.m */,
				5BED05AA1EB07DA200469368 /* UIView+Layout.h */,
				5BED05AB1EB07DA200469368 /* UIView+Layout.m */,
				D66C6EDB1EBADD100058D12C /* UIView+XCCornerRadius.h */,
				D66C6EDC1EBADD100058D12C /* UIView+XCCornerRadius.m */,
				D60430A01EBC864300F53437 /* UIView+XCHelper.h */,
				D60430A11EBC864300F53437 /* UIView+XCHelper.m */,
				5BED05AD1EB07E4D00469368 /* UIButton+timer.h */,
				5BED05AE1EB07E4D00469368 /* UIButton+timer.m */,
				D6C7AAC51EB1903800EBF0D1 /* UIButton+XCHelperBlock.h */,
				D6C7AAC61EB1903900EBF0D1 /* UIButton+XCHelperBlock.m */,
				D6C7AAC81EB190DA00EBF0D1 /* NSString+XCHelper.h */,
				D6C7AAC91EB190DA00EBF0D1 /* NSString+XCHelper.m */,
				D60607681EC006B200A31E8B /* UIAlertController+Color.h */,
				D60607691EC006B200A31E8B /* UIAlertController+Color.m */,
			);
			path = Extension;
			sourceTree = "<group>";
		};
		5BC2AFA41EB050B8004DF44D /* CommonClass */ = {
			isa = PBXGroup;
			children = (
				D6C7AAA31EB186F800EBF0D1 /* BaseViewController.h */,
				D6C7AAA41EB186F800EBF0D1 /* BaseViewController.m */,
				D6B591681EBC716600086648 /* BaseBackViewController.h */,
				D6B591691EBC716600086648 /* BaseBackViewController.m */,
				5BC2AFA81EB05241004DF44D /* BaseTabBarController.h */,
				5BC2AFA91EB05241004DF44D /* BaseTabBarController.m */,
				5BC2AFAE1EB05320004DF44D /* BaseNavigationController.h */,
				5BC2AFAF1EB05320004DF44D /* BaseNavigationController.m */,
				D6C7AAC21EB18EF100EBF0D1 /* BaseNetManager.h */,
				D6C7AAC31EB18EF100EBF0D1 /* BaseNetManager.m */,
				D6C7AAA61EB1870900EBF0D1 /* GGT_Request_Url.h */,
				D6C7AAA71EB1870900EBF0D1 /* GGT_Request_Url.m */,
				5B0B4F3B1EB0665B00D81B8E /* GGT_Singleton.h */,
				5B0B4F3C1EB0665B00D81B8E /* GGT_Singleton.m */,
				5B0B4F461EB06D5400D81B8E /* MBProgressHUD+Extension.h */,
				5B0B4F471EB06D5400D81B8E /* MBProgressHUD+Extension.m */,
				5BED05B01EB07EA200469368 /* MBProgressHUD.bundle */,
			);
			path = CommonClass;
			sourceTree = "<group>";
		};
		5BEC18EA1EB83C0F009DF2F8 /* View */ = {
			isa = PBXGroup;
			children = (
				5BEC18EB1EB83C20009DF2F8 /* GGT_BookExperienceClassView.h */,
				5BEC18EC1EB83C20009DF2F8 /* GGT_BookExperienceClassView.m */,
				5BEC18F41EB85E7B009DF2F8 /* GGT_OrderForeignListCell.h */,
				5BEC18F51EB85E7B009DF2F8 /* GGT_OrderForeignListCell.m */,
				5B695B271EBC2D0800A42795 /* GGT_HomeBannerTableViewCell.h */,
				5B695B281EBC2D0800A42795 /* GGT_HomeBannerTableViewCell.m */,
				5B695B2A1EBC2E4600A42795 /* GGT_HomeCommonCenterCell.h */,
				5B695B2B1EBC2E4600A42795 /* GGT_HomeCommonCenterCell.m */,
				5B695B2D1EBC2E7300A42795 /* GGT_HomeBedtimeStoryCell.h */,
				5B695B2E1EBC2E7300A42795 /* GGT_HomeBedtimeStoryCell.m */,
			);
			path = View;
			sourceTree = "<group>";
		};
		5BEC18FA1EB88244009DF2F8 /* Model */ = {
			isa = PBXGroup;
			children = (
			);
			path = Model;
			sourceTree = "<group>";
		};
		5BEC18FB1EB8824A009DF2F8 /* View */ = {
			isa = PBXGroup;
			children = (
				5BEC18FC1EB882C6009DF2F8 /* GGT_OrderTimeTableView.h */,
				5BEC18FD1EB882C6009DF2F8 /* GGT_OrderTimeTableView.m */,
				5B577CD11EB972CA005F009F /* GGT_OrderTimeCollectionViewCell.h */,
				5B577CD21EB972CA005F009F /* GGT_OrderTimeCollectionViewCell.m */,
				5B577CD41EB983E3005F009F /* GGT_OrderTimeHeaderCollectionViewCell.h */,
				5B577CD51EB983E3005F009F /* GGT_OrderTimeHeaderCollectionViewCell.m */,
			);
			path = View;
			sourceTree = "<group>";
		};
		AEE4F84ABBEAD206ABB94FD8 /* Pods */ = {
			isa = PBXGroup;
			children = (
				1E45E3E48F16DD5E30B2F6A6 /* Pods-GoGoTalk.debug.xcconfig */,
				BDDE48A6BF0DF60B4B82782D /* Pods-GoGoTalk.release.xcconfig */,
			);
			name = Pods;
			sourceTree = "<group>";
		};
		D66C6EDE1EBB1D560058D12C /* Others */ = {
			isa = PBXGroup;
			children = (
				D67E18D71EC077060046497E /* PlaceholderTextView.h */,
				D67E18D81EC077060046497E /* PlaceholderTextView.m */,
				D66C6EDF1EBB1D5E0058D12C /* XCStarView.h */,
				D66C6EE01EBB1D5E0058D12C /* XCStarView.m */,
				D6B591651EBC676800086648 /* OYCountDownManager.h */,
				D6B591661EBC676800086648 /* OYCountDownManager.m */,
			);
			path = Others;
			sourceTree = "<group>";
		};
		D66F8E711EB972CF0048B9C9 /* View */ = {
			isa = PBXGroup;
			children = (
				D682053E1EC04B3E00CA312B /* 课表 */,
				D682053F1EC04B4E00CA312B /* 课前预习 */,
				D682054B1EC05B0500CA312B /* GGT_EvaluateView.h */,
				D682054C1EC05B0500CA312B /* GGT_EvaluateView.m */,
			);
			path = View;
			sourceTree = "<group>";
		};
		D682053C1EC04AC700CA312B /* 课表 */ = {
			isa = PBXGroup;
			children = (
				D6C7AAB21EB1875800EBF0D1 /* GGT_ScheduleViewController.h */,
				D6C7AAB31EB1875800EBF0D1 /* GGT_ScheduleViewController.m */,
			);
			name = "课表";
			sourceTree = "<group>";
		};
		D682053D1EC04AD300CA312B /* 课前预习 */ = {
			isa = PBXGroup;
			children = (
				D604309D1EBC7D9C00F53437 /* GGT_PreviewCoursewareVC.h */,
				D604309E1EBC7D9C00F53437 /* GGT_PreviewCoursewareVC.m */,
			);
			name = "课前预习";
			sourceTree = "<group>";
		};
		D682053E1EC04B3E00CA312B /* 课表 */ = {
			isa = PBXGroup;
			children = (
				D66F8E721EB972CF0048B9C9 /* GGT_CalendarCell.h */,
				D66F8E731EB972CF0048B9C9 /* GGT_CalendarCell.m */,
				D60430971EBC7CA000F53437 /* GGT_ScheduleStudyingCell.h */,
				D60430981EBC7CA000F53437 /* GGT_ScheduleStudyingCell.m */,
				D6B5907E1EBC0AED00086648 /* GGT_ScheduleNormalCell.h */,
				D6B5907F1EBC0AED00086648 /* GGT_ScheduleNormalCell.m */,
				D6B590811EBC0B5000086648 /* GGT_ScheduleFinishedCanPlayCell.h */,
				D6B590821EBC0B5000086648 /* GGT_ScheduleFinishedCanPlayCell.m */,
			);
			name = "课表";
			sourceTree = "<group>";
		};
		D682053F1EC04B4E00CA312B /* 课前预习 */ = {
			isa = PBXGroup;
			children = (
				D604309A1EBC7CDB00F53437 /* GGT_PreviewTopView.h */,
				D604309B1EBC7CDB00F53437 /* GGT_PreviewTopView.m */,
				D606076B1EC00C6800A31E8B /* GGT_PreviewCourseAlertView.h */,
				D606076C1EC00C6800A31E8B /* GGT_PreviewCourseAlertView.m */,
			);
			name = "课前预习";
			sourceTree = "<group>";
		};
		D68205431EC04CC800CA312B /* 录播课程回放 */ = {
			isa = PBXGroup;
			children = (
				D68205401EC04C5C00CA312B /* GGT_CourseVideoPlaybackVC.h */,
				D68205411EC04C5C00CA312B /* GGT_CourseVideoPlaybackVC.m */,
			);
			name = "录播课程回放";
			sourceTree = "<group>";
		};
		D68205471EC0503200CA312B /* 课后评价 */ = {
			isa = PBXGroup;
			children = (
				D68205441EC04D5D00CA312B /* GGT_CourseEvaluateVC.h */,
				D68205451EC04D5D00CA312B /* GGT_CourseEvaluateVC.m */,
			);
			name = "课后评价";
			sourceTree = "<group>";
		};
		D6C7ABA41EB1D50900EBF0D1 /* Model */ = {
			isa = PBXGroup;
			children = (
			);
			path = Model;
			sourceTree = "<group>";
		};
		D6C7ABAB1EB1D58A00EBF0D1 /* Model */ = {
			isa = PBXGroup;
			children = (
			);
			path = Model;
			sourceTree = "<group>";
		};
/* End PBXGroup section */

/* Begin PBXNativeTarget section */
		5BC2AF531EB0473D004DF44D /* GoGoTalk */ = {
			isa = PBXNativeTarget;
			buildConfigurationList = 5BC2AF811EB0473E004DF44D /* Build configuration list for PBXNativeTarget "GoGoTalk" */;
			buildPhases = (
				5F3AF42E8458FFBF1BF7CFCA /* [CP] Check Pods Manifest.lock */,
				5BC2AF501EB0473D004DF44D /* Sources */,
				5BC2AF511EB0473D004DF44D /* Frameworks */,
				5BC2AF521EB0473D004DF44D /* Resources */,
				C62BC737E55F69D6ABF4CD78 /* [CP] Embed Pods Frameworks */,
				A14247F9C90CA6A5493AF65A /* [CP] Copy Pods Resources */,
			);
			buildRules = (
			);
			dependencies = (
			);
			name = GoGoTalk;
			productName = GoGoTalk;
			productReference = 5BC2AF541EB0473D004DF44D /* GoGoTalk.app */;
			productType = "com.apple.product-type.application";
		};
		5BC2AF6C1EB0473D004DF44D /* GoGoTalkTests */ = {
			isa = PBXNativeTarget;
			buildConfigurationList = 5BC2AF841EB0473E004DF44D /* Build configuration list for PBXNativeTarget "GoGoTalkTests" */;
			buildPhases = (
				5BC2AF691EB0473D004DF44D /* Sources */,
				5BC2AF6A1EB0473D004DF44D /* Frameworks */,
				5BC2AF6B1EB0473D004DF44D /* Resources */,
			);
			buildRules = (
			);
			dependencies = (
				5BC2AF6F1EB0473D004DF44D /* PBXTargetDependency */,
			);
			name = GoGoTalkTests;
			productName = GoGoTalkTests;
			productReference = 5BC2AF6D1EB0473D004DF44D /* GoGoTalkTests.xctest */;
			productType = "com.apple.product-type.bundle.unit-test";
		};
		5BC2AF771EB0473E004DF44D /* GoGoTalkUITests */ = {
			isa = PBXNativeTarget;
			buildConfigurationList = 5BC2AF871EB0473E004DF44D /* Build configuration list for PBXNativeTarget "GoGoTalkUITests" */;
			buildPhases = (
				5BC2AF741EB0473E004DF44D /* Sources */,
				5BC2AF751EB0473E004DF44D /* Frameworks */,
				5BC2AF761EB0473E004DF44D /* Resources */,
			);
			buildRules = (
			);
			dependencies = (
				5BC2AF7A1EB0473E004DF44D /* PBXTargetDependency */,
			);
			name = GoGoTalkUITests;
			productName = GoGoTalkUITests;
			productReference = 5BC2AF781EB0473E004DF44D /* GoGoTalkUITests.xctest */;
			productType = "com.apple.product-type.bundle.ui-testing";
		};
/* End PBXNativeTarget section */

/* Begin PBXProject section */
		5BC2AF4C1EB0473D004DF44D /* Project object */ = {
			isa = PBXProject;
			attributes = {
				CLASSPREFIX = GGT_;
				LastUpgradeCheck = 0830;
				ORGANIZATIONNAME = XieHenry;
				TargetAttributes = {
					5BC2AF531EB0473D004DF44D = {
						CreatedOnToolsVersion = 8.3.1;
						DevelopmentTeam = YZK33WLG48;
						ProvisioningStyle = Automatic;
					};
					5BC2AF6C1EB0473D004DF44D = {
						CreatedOnToolsVersion = 8.3.1;
						ProvisioningStyle = Automatic;
						TestTargetID = 5BC2AF531EB0473D004DF44D;
					};
					5BC2AF771EB0473E004DF44D = {
						CreatedOnToolsVersion = 8.3.1;
						ProvisioningStyle = Automatic;
						TestTargetID = 5BC2AF531EB0473D004DF44D;
					};
				};
			};
			buildConfigurationList = 5BC2AF4F1EB0473D004DF44D /* Build configuration list for PBXProject "GoGoTalk" */;
			compatibilityVersion = "Xcode 3.2";
			developmentRegion = English;
			hasScannedForEncodings = 0;
			knownRegions = (
				en,
				Base,
			);
			mainGroup = 5BC2AF4B1EB0473D004DF44D;
			productRefGroup = 5BC2AF551EB0473D004DF44D /* Products */;
			projectDirPath = "";
			projectRoot = "";
			targets = (
				5BC2AF531EB0473D004DF44D /* GoGoTalk */,
				5BC2AF6C1EB0473D004DF44D /* GoGoTalkTests */,
				5BC2AF771EB0473E004DF44D /* GoGoTalkUITests */,
			);
		};
/* End PBXProject section */

/* Begin PBXResourcesBuildPhase section */
		5BC2AF521EB0473D004DF44D /* Resources */ = {
			isa = PBXResourcesBuildPhase;
			buildActionMask = 2147483647;
			files = (
				5BC2AF641EB0473D004DF44D /* Assets.xcassets in Resources */,
				5BED05B11EB07EA200469368 /* MBProgressHUD.bundle in Resources */,
			);
			runOnlyForDeploymentPostprocessing = 0;
		};
		5BC2AF6B1EB0473D004DF44D /* Resources */ = {
			isa = PBXResourcesBuildPhase;
			buildActionMask = 2147483647;
			files = (
			);
			runOnlyForDeploymentPostprocessing = 0;
		};
		5BC2AF761EB0473E004DF44D /* Resources */ = {
			isa = PBXResourcesBuildPhase;
			buildActionMask = 2147483647;
			files = (
			);
			runOnlyForDeploymentPostprocessing = 0;
		};
/* End PBXResourcesBuildPhase section */

/* Begin PBXShellScriptBuildPhase section */
		5F3AF42E8458FFBF1BF7CFCA /* [CP] Check Pods Manifest.lock */ = {
			isa = PBXShellScriptBuildPhase;
			buildActionMask = 2147483647;
			files = (
			);
			inputPaths = (
			);
			name = "[CP] Check Pods Manifest.lock";
			outputPaths = (
			);
			runOnlyForDeploymentPostprocessing = 0;
			shellPath = /bin/sh;
			shellScript = "diff \"${PODS_PODFILE_DIR_PATH}/Podfile.lock\" \"${PODS_ROOT}/Manifest.lock\" > /dev/null\nif [ $? != 0 ] ; then\n    # print error to STDERR\n    echo \"error: The sandbox is not in sync with the Podfile.lock. Run 'pod install' or update your CocoaPods installation.\" >&2\n    exit 1\nfi\n";
			showEnvVarsInLog = 0;
		};
		A14247F9C90CA6A5493AF65A /* [CP] Copy Pods Resources */ = {
			isa = PBXShellScriptBuildPhase;
			buildActionMask = 2147483647;
			files = (
			);
			inputPaths = (
			);
			name = "[CP] Copy Pods Resources";
			outputPaths = (
			);
			runOnlyForDeploymentPostprocessing = 0;
			shellPath = /bin/sh;
			shellScript = "\"${SRCROOT}/Pods/Target Support Files/Pods-GoGoTalk/Pods-GoGoTalk-resources.sh\"\n";
			showEnvVarsInLog = 0;
		};
		C62BC737E55F69D6ABF4CD78 /* [CP] Embed Pods Frameworks */ = {
			isa = PBXShellScriptBuildPhase;
			buildActionMask = 2147483647;
			files = (
			);
			inputPaths = (
			);
			name = "[CP] Embed Pods Frameworks";
			outputPaths = (
			);
			runOnlyForDeploymentPostprocessing = 0;
			shellPath = /bin/sh;
			shellScript = "\"${SRCROOT}/Pods/Target Support Files/Pods-GoGoTalk/Pods-GoGoTalk-frameworks.sh\"\n";
			showEnvVarsInLog = 0;
		};
/* End PBXShellScriptBuildPhase section */

/* Begin PBXSourcesBuildPhase section */
		5BC2AF501EB0473D004DF44D /* Sources */ = {
			isa = PBXSourcesBuildPhase;
			buildActionMask = 2147483647;
			files = (
				35DE2CD91EBCCEEB00E41B34 /* GGT_AgeSexPickerView.m in Sources */,
				D68205461EC04D5D00CA312B /* GGT_CourseEvaluateVC.m in Sources */,
				D66F8E741EB972CF0048B9C9 /* GGT_CalendarCell.m in Sources */,
				D6C7AABA1EB1877800EBF0D1 /* GGT_HomeReservationViewController.m in Sources */,
				D604309C1EBC7CDB00F53437 /* GGT_PreviewTopView.m in Sources */,
				D606076A1EC006B200A31E8B /* UIAlertController+Color.m in Sources */,
				5BA10D201EB1D19F0091093C /* GGT_ForgotPasswordView.m in Sources */,
				D6C7AABF1EB1879600EBF0D1 /* GGT_LoginViewController.m in Sources */,
				5BEC18FE1EB882C6009DF2F8 /* GGT_OrderTimeTableView.m in Sources */,
				D60430A21EBC864300F53437 /* UIView+XCHelper.m in Sources */,
				5BEC18F31EB852CB009DF2F8 /* GGT_OrderCourseOfFocusViewController.m in Sources */,
				D6B5916A1EBC716700086648 /* BaseBackViewController.m in Sources */,
				3552104B1EBC766C0057EA59 /* GGT_EditUserInfoController.m in Sources */,
				D6C7AAAB1EB1872000EBF0D1 /* NSArray+SafeExtension.m in Sources */,
				5BC2AFB01EB05320004DF44D /* BaseNavigationController.m in Sources */,
				5BEC18E91EB83B86009DF2F8 /* GGT_BookExperienceClassViewController.m in Sources */,
				5B0B4F3D1EB0665B00D81B8E /* GGT_Singleton.m in Sources */,
				D6C7AAC01EB1879600EBF0D1 /* GGT_NewFeatherViewController.m in Sources */,
				5B695B291EBC2D0800A42795 /* GGT_HomeBannerTableViewCell.m in Sources */,
				D67E18D91EC077060046497E /* PlaceholderTextView.m in Sources */,
				D6C7AAB11EB1874800EBF0D1 /* GGT_DiscoveryViewController.m in Sources */,
				5BEC18ED1EB83C20009DF2F8 /* GGT_BookExperienceClassView.m in Sources */,
				D6C7AAC41EB18EF100EBF0D1 /* BaseNetManager.m in Sources */,
				355210481EBC49BE0057EA59 /* GGT_InfoListCell.m in Sources */,
				5BED05AC1EB07DA200469368 /* UIView+Layout.m in Sources */,
				358F52331EBB2FF3004A7692 /* GGT_SettingTableViewCell.m in Sources */,
				D6B591671EBC676800086648 /* OYCountDownManager.m in Sources */,
				5BC2AF5C1EB0473D004DF44D /* AppDelegate.m in Sources */,
				D606076D1EC00C6800A31E8B /* GGT_PreviewCourseAlertView.m in Sources */,
				D6C7AAB71EB1876900EBF0D1 /* GGT_OrderCourseViewController.m in Sources */,
				358F522D1EBB034D004A7692 /* GGT_UserInfo.m in Sources */,
				D6C7AAAE1EB1873200EBF0D1 /* GGT_MineViewController.m in Sources */,
				5BEC18F61EB85E7B009DF2F8 /* GGT_OrderForeignListCell.m in Sources */,
				D6C7AACA1EB190DA00EBF0D1 /* NSString+XCHelper.m in Sources */,
				5BED05A91EB07D3300469368 /* UIImage+Category.m in Sources */,
				5B695B2F1EBC2E7300A42795 /* GGT_HomeBedtimeStoryCell.m in Sources */,
				D66C6EE11EBB1D5E0058D12C /* XCStarView.m in Sources */,
				5BC2AFC51EB054A8004DF44D /* GGT_RegisterViewController.m in Sources */,
				D6B590801EBC0AED00086648 /* GGT_ScheduleNormalCell.m in Sources */,
				5BC2AF591EB0473D004DF44D /* main.m in Sources */,
				5BED05A21EB07C3400469368 /* UIColor+XCAdditions.m in Sources */,
				D604309F1EBC7D9C00F53437 /* GGT_PreviewCoursewareVC.m in Sources */,
				D6B590831EBC0B5000086648 /* GGT_ScheduleFinishedCanPlayCell.m in Sources */,
				D60430991EBC7CA000F53437 /* GGT_ScheduleStudyingCell.m in Sources */,
				5BEC18F91EB88165009DF2F8 /* GGT_DetailsOfTeacherViewController.m in Sources */,
				5B695B2C1EBC2E4600A42795 /* GGT_HomeCommonCenterCell.m in Sources */,
				D66C6EDD1EBADD100058D12C /* UIView+XCCornerRadius.m in Sources */,
				35DE2CD01EBCC08600E41B34 /* GGT_EditAgeSexController.m in Sources */,
				5BA10D441EB1E2490091093C /* GGT_RegisterView.m in Sources */,
				D682054D1EC05B0500CA312B /* GGT_EvaluateView.m in Sources */,
				5B577CD31EB972CA005F009F /* GGT_OrderTimeCollectionViewCell.m in Sources */,
				5BED05AF1EB07E4D00469368 /* UIButton+timer.m in Sources */,
				D68205421EC04C5C00CA312B /* GGT_CourseVideoPlaybackVC.m in Sources */,
				5BC2AFAA1EB05241004DF44D /* BaseTabBarController.m in Sources */,
				5BA10D211EB1D19F0091093C /* GGT_LoginView.m in Sources */,
				355210451EBC40920057EA59 /* GGT_InfoListViewController.m in Sources */,
				5B0B4F481EB06D5400D81B8E /* MBProgressHUD+Extension.m in Sources */,
				5B577CD61EB983E3005F009F /* GGT_OrderTimeHeaderCollectionViewCell.m in Sources */,
				D6C7AAB41EB1875800EBF0D1 /* GGT_ScheduleViewController.m in Sources */,
				D6C7AAA51EB186F800EBF0D1 /* BaseViewController.m in Sources */,
				5BEC18F01EB85290009DF2F8 /* GGT_OrderCourseOfAllViewController.m in Sources */,
				D6C7AAC71EB1903900EBF0D1 /* UIButton+XCHelperBlock.m in Sources */,
				D6C7AAA81EB1870900EBF0D1 /* GGT_Request_Url.m in Sources */,
				5BA10D411EB1DC4D0091093C /* GGT_ForgotPasswordViewController.m in Sources */,
			);
			runOnlyForDeploymentPostprocessing = 0;
		};
		5BC2AF691EB0473D004DF44D /* Sources */ = {
			isa = PBXSourcesBuildPhase;
			buildActionMask = 2147483647;
			files = (
				5BC2AF721EB0473E004DF44D /* GoGoTalkTests.m in Sources */,
			);
			runOnlyForDeploymentPostprocessing = 0;
		};
		5BC2AF741EB0473E004DF44D /* Sources */ = {
			isa = PBXSourcesBuildPhase;
			buildActionMask = 2147483647;
			files = (
				5BC2AF7D1EB0473E004DF44D /* GoGoTalkUITests.m in Sources */,
			);
			runOnlyForDeploymentPostprocessing = 0;
		};
/* End PBXSourcesBuildPhase section */

/* Begin PBXTargetDependency section */
		5BC2AF6F1EB0473D004DF44D /* PBXTargetDependency */ = {
			isa = PBXTargetDependency;
			target = 5BC2AF531EB0473D004DF44D /* GoGoTalk */;
			targetProxy = 5BC2AF6E1EB0473D004DF44D /* PBXContainerItemProxy */;
		};
		5BC2AF7A1EB0473E004DF44D /* PBXTargetDependency */ = {
			isa = PBXTargetDependency;
			target = 5BC2AF531EB0473D004DF44D /* GoGoTalk */;
			targetProxy = 5BC2AF791EB0473E004DF44D /* PBXContainerItemProxy */;
		};
/* End PBXTargetDependency section */

/* Begin XCBuildConfiguration section */
		5BC2AF7F1EB0473E004DF44D /* Debug */ = {
			isa = XCBuildConfiguration;
			buildSettings = {
				ALWAYS_SEARCH_USER_PATHS = NO;
				CLANG_ANALYZER_NONNULL = YES;
				CLANG_ANALYZER_NUMBER_OBJECT_CONVERSION = YES_AGGRESSIVE;
				CLANG_CXX_LANGUAGE_STANDARD = "gnu++0x";
				CLANG_CXX_LIBRARY = "libc++";
				CLANG_ENABLE_MODULES = YES;
				CLANG_ENABLE_OBJC_ARC = YES;
				CLANG_WARN_BOOL_CONVERSION = YES;
				CLANG_WARN_CONSTANT_CONVERSION = YES;
				CLANG_WARN_DIRECT_OBJC_ISA_USAGE = YES_ERROR;
				CLANG_WARN_DOCUMENTATION_COMMENTS = YES;
				CLANG_WARN_EMPTY_BODY = YES;
				CLANG_WARN_ENUM_CONVERSION = YES;
				CLANG_WARN_INFINITE_RECURSION = YES;
				CLANG_WARN_INT_CONVERSION = YES;
				CLANG_WARN_OBJC_ROOT_CLASS = YES_ERROR;
				CLANG_WARN_SUSPICIOUS_MOVE = YES;
				CLANG_WARN_UNREACHABLE_CODE = YES;
				CLANG_WARN__DUPLICATE_METHOD_MATCH = YES;
				"CODE_SIGN_IDENTITY[sdk=iphoneos*]" = "iPhone Developer";
				COPY_PHASE_STRIP = NO;
				DEBUG_INFORMATION_FORMAT = dwarf;
				ENABLE_STRICT_OBJC_MSGSEND = YES;
				ENABLE_TESTABILITY = YES;
				GCC_C_LANGUAGE_STANDARD = gnu99;
				GCC_DYNAMIC_NO_PIC = NO;
				GCC_NO_COMMON_BLOCKS = YES;
				GCC_OPTIMIZATION_LEVEL = 0;
				GCC_PREPROCESSOR_DEFINITIONS = (
					"DEBUG=1",
					"$(inherited)",
				);
				GCC_WARN_64_TO_32_BIT_CONVERSION = YES;
				GCC_WARN_ABOUT_RETURN_TYPE = YES_ERROR;
				GCC_WARN_UNDECLARED_SELECTOR = YES;
				GCC_WARN_UNINITIALIZED_AUTOS = YES_AGGRESSIVE;
				GCC_WARN_UNUSED_FUNCTION = YES;
				GCC_WARN_UNUSED_VARIABLE = YES;
				IPHONEOS_DEPLOYMENT_TARGET = 10.3;
				MTL_ENABLE_DEBUG_INFO = YES;
				ONLY_ACTIVE_ARCH = YES;
				SDKROOT = iphoneos;
				TARGETED_DEVICE_FAMILY = "1,2";
			};
			name = Debug;
		};
		5BC2AF801EB0473E004DF44D /* Release */ = {
			isa = XCBuildConfiguration;
			buildSettings = {
				ALWAYS_SEARCH_USER_PATHS = NO;
				CLANG_ANALYZER_NONNULL = YES;
				CLANG_ANALYZER_NUMBER_OBJECT_CONVERSION = YES_AGGRESSIVE;
				CLANG_CXX_LANGUAGE_STANDARD = "gnu++0x";
				CLANG_CXX_LIBRARY = "libc++";
				CLANG_ENABLE_MODULES = YES;
				CLANG_ENABLE_OBJC_ARC = YES;
				CLANG_WARN_BOOL_CONVERSION = YES;
				CLANG_WARN_CONSTANT_CONVERSION = YES;
				CLANG_WARN_DIRECT_OBJC_ISA_USAGE = YES_ERROR;
				CLANG_WARN_DOCUMENTATION_COMMENTS = YES;
				CLANG_WARN_EMPTY_BODY = YES;
				CLANG_WARN_ENUM_CONVERSION = YES;
				CLANG_WARN_INFINITE_RECURSION = YES;
				CLANG_WARN_INT_CONVERSION = YES;
				CLANG_WARN_OBJC_ROOT_CLASS = YES_ERROR;
				CLANG_WARN_SUSPICIOUS_MOVE = YES;
				CLANG_WARN_UNREACHABLE_CODE = YES;
				CLANG_WARN__DUPLICATE_METHOD_MATCH = YES;
				"CODE_SIGN_IDENTITY[sdk=iphoneos*]" = "iPhone Developer";
				COPY_PHASE_STRIP = NO;
				DEBUG_INFORMATION_FORMAT = "dwarf-with-dsym";
				ENABLE_NS_ASSERTIONS = NO;
				ENABLE_STRICT_OBJC_MSGSEND = YES;
				GCC_C_LANGUAGE_STANDARD = gnu99;
				GCC_NO_COMMON_BLOCKS = YES;
				GCC_WARN_64_TO_32_BIT_CONVERSION = YES;
				GCC_WARN_ABOUT_RETURN_TYPE = YES_ERROR;
				GCC_WARN_UNDECLARED_SELECTOR = YES;
				GCC_WARN_UNINITIALIZED_AUTOS = YES_AGGRESSIVE;
				GCC_WARN_UNUSED_FUNCTION = YES;
				GCC_WARN_UNUSED_VARIABLE = YES;
				IPHONEOS_DEPLOYMENT_TARGET = 10.3;
				MTL_ENABLE_DEBUG_INFO = NO;
				SDKROOT = iphoneos;
				TARGETED_DEVICE_FAMILY = "1,2";
				VALIDATE_PRODUCT = YES;
			};
			name = Release;
		};
		5BC2AF821EB0473E004DF44D /* Debug */ = {
			isa = XCBuildConfiguration;
			baseConfigurationReference = 1E45E3E48F16DD5E30B2F6A6 /* Pods-GoGoTalk.debug.xcconfig */;
			buildSettings = {
				ASSETCATALOG_COMPILER_APPICON_NAME = AppIcon;
				ASSETCATALOG_COMPILER_LAUNCHIMAGE_NAME = LaunchImage;
				CLANG_WARN_DOCUMENTATION_COMMENTS = NO;
				DEVELOPMENT_TEAM = YZK33WLG48;
				ENABLE_BITCODE = NO;
				GCC_PREFIX_HEADER = "$(SRCROOT)/GoGoTalk/PrefixHeader.pch";
				INFOPLIST_FILE = GoGoTalk/Info.plist;
				IPHONEOS_DEPLOYMENT_TARGET = 8.0;
				LD_RUNPATH_SEARCH_PATHS = "$(inherited) @executable_path/Frameworks";
				PRODUCT_BUNDLE_IDENTIFIER = "com.gogo-talk.GoGoTalk";
				PRODUCT_NAME = "$(TARGET_NAME)";
			};
			name = Debug;
		};
		5BC2AF831EB0473E004DF44D /* Release */ = {
			isa = XCBuildConfiguration;
			baseConfigurationReference = BDDE48A6BF0DF60B4B82782D /* Pods-GoGoTalk.release.xcconfig */;
			buildSettings = {
				ASSETCATALOG_COMPILER_APPICON_NAME = AppIcon;
				ASSETCATALOG_COMPILER_LAUNCHIMAGE_NAME = LaunchImage;
				CLANG_WARN_DOCUMENTATION_COMMENTS = NO;
				DEVELOPMENT_TEAM = YZK33WLG48;
				ENABLE_BITCODE = NO;
				GCC_PREFIX_HEADER = "$(SRCROOT)/GoGoTalk/PrefixHeader.pch";
				INFOPLIST_FILE = GoGoTalk/Info.plist;
				IPHONEOS_DEPLOYMENT_TARGET = 8.0;
				LD_RUNPATH_SEARCH_PATHS = "$(inherited) @executable_path/Frameworks";
				PRODUCT_BUNDLE_IDENTIFIER = "com.gogo-talk.GoGoTalk";
				PRODUCT_NAME = "$(TARGET_NAME)";
			};
			name = Release;
		};
		5BC2AF851EB0473E004DF44D /* Debug */ = {
			isa = XCBuildConfiguration;
			buildSettings = {
				BUNDLE_LOADER = "$(TEST_HOST)";
				INFOPLIST_FILE = GoGoTalkTests/Info.plist;
				LD_RUNPATH_SEARCH_PATHS = "$(inherited) @executable_path/Frameworks @loader_path/Frameworks";
				PRODUCT_BUNDLE_IDENTIFIER = GoGoTalk.GoGoTalkTests;
				PRODUCT_NAME = "$(TARGET_NAME)";
				TEST_HOST = "$(BUILT_PRODUCTS_DIR)/GoGoTalk.app/GoGoTalk";
			};
			name = Debug;
		};
		5BC2AF861EB0473E004DF44D /* Release */ = {
			isa = XCBuildConfiguration;
			buildSettings = {
				BUNDLE_LOADER = "$(TEST_HOST)";
				INFOPLIST_FILE = GoGoTalkTests/Info.plist;
				LD_RUNPATH_SEARCH_PATHS = "$(inherited) @executable_path/Frameworks @loader_path/Frameworks";
				PRODUCT_BUNDLE_IDENTIFIER = GoGoTalk.GoGoTalkTests;
				PRODUCT_NAME = "$(TARGET_NAME)";
				TEST_HOST = "$(BUILT_PRODUCTS_DIR)/GoGoTalk.app/GoGoTalk";
			};
			name = Release;
		};
		5BC2AF881EB0473E004DF44D /* Debug */ = {
			isa = XCBuildConfiguration;
			buildSettings = {
				INFOPLIST_FILE = GoGoTalkUITests/Info.plist;
				LD_RUNPATH_SEARCH_PATHS = "$(inherited) @executable_path/Frameworks @loader_path/Frameworks";
				PRODUCT_BUNDLE_IDENTIFIER = GoGoTalk.GoGoTalkUITests;
				PRODUCT_NAME = "$(TARGET_NAME)";
				TEST_TARGET_NAME = GoGoTalk;
			};
			name = Debug;
		};
		5BC2AF891EB0473E004DF44D /* Release */ = {
			isa = XCBuildConfiguration;
			buildSettings = {
				INFOPLIST_FILE = GoGoTalkUITests/Info.plist;
				LD_RUNPATH_SEARCH_PATHS = "$(inherited) @executable_path/Frameworks @loader_path/Frameworks";
				PRODUCT_BUNDLE_IDENTIFIER = GoGoTalk.GoGoTalkUITests;
				PRODUCT_NAME = "$(TARGET_NAME)";
				TEST_TARGET_NAME = GoGoTalk;
			};
			name = Release;
		};
/* End XCBuildConfiguration section */

/* Begin XCConfigurationList section */
		5BC2AF4F1EB0473D004DF44D /* Build configuration list for PBXProject "GoGoTalk" */ = {
			isa = XCConfigurationList;
			buildConfigurations = (
				5BC2AF7F1EB0473E004DF44D /* Debug */,
				5BC2AF801EB0473E004DF44D /* Release */,
			);
			defaultConfigurationIsVisible = 0;
			defaultConfigurationName = Release;
		};
		5BC2AF811EB0473E004DF44D /* Build configuration list for PBXNativeTarget "GoGoTalk" */ = {
			isa = XCConfigurationList;
			buildConfigurations = (
				5BC2AF821EB0473E004DF44D /* Debug */,
				5BC2AF831EB0473E004DF44D /* Release */,
			);
			defaultConfigurationIsVisible = 0;
			defaultConfigurationName = Release;
		};
		5BC2AF841EB0473E004DF44D /* Build configuration list for PBXNativeTarget "GoGoTalkTests" */ = {
			isa = XCConfigurationList;
			buildConfigurations = (
				5BC2AF851EB0473E004DF44D /* Debug */,
				5BC2AF861EB0473E004DF44D /* Release */,
			);
			defaultConfigurationIsVisible = 0;
			defaultConfigurationName = Release;
		};
		5BC2AF871EB0473E004DF44D /* Build configuration list for PBXNativeTarget "GoGoTalkUITests" */ = {
			isa = XCConfigurationList;
			buildConfigurations = (
				5BC2AF881EB0473E004DF44D /* Debug */,
				5BC2AF891EB0473E004DF44D /* Release */,
			);
			defaultConfigurationIsVisible = 0;
			defaultConfigurationName = Release;
		};
/* End XCConfigurationList section */
	};
	rootObject = 5BC2AF4C1EB0473D004DF44D /* Project object */;
}
